lockfileVersion: '9.0'

settings:
  autoInstallPeers: false
  excludeLinksFromLockfile: false

catalogs:
  default:
    '@types/bun':
      specifier: 1.4.0
      version: 1.4.0
    '@types/node':
      specifier: 26.4.0
      version: 26.4.0
    typescript:
      specifier: 6.0.3
      version: 6.0.3

importers:

  .:
    dependencies:
      change-case:
        specifier: ^5.4.4
        version: 5.4.4
    devDependencies:
      '@types/bun':
        specifier: 'catalog:'
        version: 1.4.0
      '@types/node':
        specifier: 'catalog:'
        version: 26.4.0
      typescript:
        specifier: 'catalog:'
        version: 6.0.3

packages:

  '@types/bun@1.4.0':
    resolution: {integrity: sha512-K+lZULY23vRgK/CfTjFIV+tyifaNdSMlPh9j+6mQ/cLfpOznLyAuzgV/JQysyECpkBQLVMSyvjlr2fBUSA9wFQ==}

  '@types/node@24.1.0':
    resolution: {integrity: sha512-ut5FthK5moxFKH2T1CUOC6ctR67rQRvvHdFLCD2Ql6KXmMuCrjsSsRI9UsLCm9M18BMwClv4pn327UvB7eeO1w==}

  '@types/node@26.4.0':
    resolution: {integrity: sha512-faiGnoIrLH/V8cibOMEAZ8pMw6oXqSukl29ra4mN8GdaB2ZewzeaLj+INpV5N+Z1eKWzY+IzaIZH2EIR6YZRNQ==}

  bun-types@1.4.0:
    resolution: {integrity: sha512-iIKw23BspnQQYd3prITOBxeUsxBHnwzX6YJfGMuNOZzeNcMmVqzIIVGRm1l69ogaPQmb4wB6BN8mA5bE9YuC5Q==}

  change-case@5.4.4:
    resolution: {integrity: sha512-HRQyTk2/YPEkt9TnUPbOpr64Uw3KOicFWPVBb+xiHvd6eBx/qPr9xqfBFDT8P2vWsvvz4jbEkfDe71W3VyNu2w==}

  typescript@6.0.3:
    resolution: {integrity: sha512-y2TvuxSZPDyQakkFRPZHKFm+KKVqIisdg9/CZwm9ftvKXLP8NRWj38/ODjNbr43SsoXqNuAisEf1GdCxqWcdBw==}
    engines: {node: '>=14.17'}
    hasBin: true

  undici-types@7.8.0:
    resolution: {integrity: sha512-9UJ2xGDvQ43tYyVMpuHlsgApydB8ZKfVYTsLDhXkFL/6gfkp+U8xTGdh8pMJv1SpZna0zxG1DwsKZsreLbXBxw==}

  undici-types@8.3.0:
    resolution: {integrity: sha512-j375ScV60dom+YkPFIfTLcOiPxkN/buHz5GobjLhixFuANaNs3C9l4GmrWqejgXWJ7BbJcFYpTEUkS1Ge8bpZQ==}

snapshots:

  '@types/bun@1.4.0':
    dependencies:
      bun-types: 1.4.0

  '@types/node@24.1.0':
    dependencies:
      undici-types: 7.8.0

  '@types/node@26.4.0':
    dependencies:
      undici-types: 8.3.0

  bun-types@1.4.0:
    dependencies:
      '@types/node': 24.1.0

  change-case@5.4.4: {}

  typescript@6.0.3: {}

  undici-types@7.8.0: {}

  undici-types@8.3.0: {}
