lockfileVersion: '9.0'

settings:
  autoInstallPeers: false
  excludeLinksFromLockfile: false

catalogs:
  default:
    '@trpc/client':
      specifier: 11.18.0
      version: 11.18.0
    '@trpc/server':
      specifier: 11.18.0
      version: 11.18.0
    typescript:
      specifier: 6.0.3
      version: 6.0.3
    zod:
      specifier: 4.4.3
      version: 4.4.3

importers:

  .:
    dependencies:
      '@trpc/client':
        specifier: 'catalog:'
        version: 11.18.0(@trpc/server@11.18.0(typescript@6.0.3))(typescript@6.0.3)
      '@trpc/server':
        specifier: 'catalog:'
        version: 11.18.0(typescript@6.0.3)
      zod:
        specifier: 'catalog:'
        version: 4.4.3
    devDependencies:
      typescript:
        specifier: 'catalog:'
        version: 6.0.3

packages:

  '@trpc/client@11.18.0':
    resolution: {integrity: sha512-wOqeg3Fvl25V1ZisQhUD3K8G60ZJDlSGJNSyeXrLH24xAo5w6GSR2Kzb1cSNY9Y+IQ2YZvYGZstBU+V/ulo/ow==}
    hasBin: true
    peerDependencies:
      '@trpc/server': 11.18.0
      typescript: '>=5.7.2'

  '@trpc/server@11.18.0':
    resolution: {integrity: sha512-JAvXOuNTxgXjIDfQaOvDq1j66LMNfDJUH1IU7Slfn8EvRv2EkH6ehu3A7zpYhjO0syHHiYg77v2lG2JFJgvw7Q==}
    hasBin: true
    peerDependencies:
      typescript: '>=5.7.2'

  typescript@6.0.3:
    resolution: {integrity: sha512-y2TvuxSZPDyQakkFRPZHKFm+KKVqIisdg9/CZwm9ftvKXLP8NRWj38/ODjNbr43SsoXqNuAisEf1GdCxqWcdBw==}
    engines: {node: '>=14.17'}
    hasBin: true

  zod@4.4.3:
    resolution: {integrity: sha512-ytENFjIJFl2UwYglde2jchW2Hwm4GJFLDiSXWdTrJQBIN9Fcyp7n4DhxJEiWNAJMV1/BqWfW/kkg71UDcHJyTQ==}

snapshots:

  '@trpc/client@11.18.0(@trpc/server@11.18.0(typescript@6.0.3))(typescript@6.0.3)':
    dependencies:
      '@trpc/server': 11.18.0(typescript@6.0.3)
      typescript: 6.0.3

  '@trpc/server@11.18.0(typescript@6.0.3)':
    dependencies:
      typescript: 6.0.3

  typescript@6.0.3: {}

  zod@4.4.3: {}
