{
  "name": "agentcore-research-assistant",
  "lockfileVersion": 3,
  "requires": true,
  "packages": {
    "": {
      "name": "agentcore-research-assistant",
      "dependencies": {
        "@aws-sdk/client-bedrock-runtime": "^3.946.0"
      }
    },
    "node_modules/@aws-crypto/crc32": {
      "version": "5.2.0",
      "resolved": "https://registry.npmjs.org/@aws-crypto/crc32/-/crc32-5.2.0.tgz",
      "integrity": "sha512-nLbCWqQNgUiwwtFsen1AdzAtvuLRsQS8rYgMuxCrdKf9kOssamGLuPwyTY9wyYblNr9+1XM8v6zoDTPPSIeANg==",
      "license": "Apache-2.0",
      "dependencies": {
        "@aws-crypto/util": "^5.2.0",
        "@aws-sdk/types": "^3.222.0",
        "tslib": "^2.6.2"
      },
      "engines": {
        "node": ">=16.0.0"
      }
    },
    "node_modules/@aws-crypto/sha256-browser": {
      "version": "5.2.0",
      "resolved": "https://registry.npmjs.org/@aws-crypto/sha256-browser/-/sha256-browser-5.2.0.tgz",
      "integrity": "sha512-AXfN/lGotSQwu6HNcEsIASo7kWXZ5HYWvfOmSNKDsEqC4OashTp8alTmaz+F7TC2L083SFv5RdB+qU3Vs1kZqw==",
      "license": "Apache-2.0",
      "dependencies": {
        "@aws-crypto/sha256-js": "^5.2.0",
        "@aws-crypto/supports-web-crypto": "^5.2.0",
        "@aws-crypto/util": "^5.2.0",
        "@aws-sdk/types": "^3.222.0",
        "@aws-sdk/util-locate-window": "^3.0.0",
        "@smithy/util-utf8": "^2.0.0",
        "tslib": "^2.6.2"
      }
    },
    "node_modules/@aws-crypto/sha256-js": {
      "version": "5.2.0",
      "resolved": "https://registry.npmjs.org/@aws-crypto/sha256-js/-/sha256-js-5.2.0.tgz",
      "integrity": "sha512-FFQQyu7edu4ufvIZ+OadFpHHOt+eSTBaYaki44c+akjg7qZg9oOQeLlk77F6tSYqjDAFClrHJk9tMf0HdVyOvA==",
      "license": "Apache-2.0",
      "dependencies": {
        "@aws-crypto/util": "^5.2.0",
        "@aws-sdk/types": "^3.222.0",
        "tslib": "^2.6.2"
      },
      "engines": {
        "node": ">=16.0.0"
      }
    },
    "node_modules/@aws-crypto/supports-web-crypto": {
      "version": "5.2.0",
      "resolved": "https://registry.npmjs.org/@aws-crypto/supports-web-crypto/-/supports-web-crypto-5.2.0.tgz",
      "integrity": "sha512-iAvUotm021kM33eCdNfwIN//F77/IADDSs58i+MDaOqFrVjZo9bAal0NK7HurRuWLLpF1iLX7gbWrjHjeo+YFg==",
      "license": "Apache-2.0",
      "dependencies": {
        "tslib": "^2.6.2"
      }
    },
    "node_modules/@aws-crypto/util": {
      "version": "5.2.0",
      "resolved": "https://registry.npmjs.org/@aws-crypto/util/-/util-5.2.0.tgz",
      "integrity": "sha512-4RkU9EsI6ZpBve5fseQlGNUWKMa1RLPQ1dnjnQoe07ldfIzcsGb5hC5W0Dm7u423KWzawlrpbjXBrXCEv9zazQ==",
      "license": "Apache-2.0",
      "dependencies": {
        "@aws-sdk/types": "^3.222.0",
        "@smithy/util-utf8": "^2.0.0",
        "tslib": "^2.6.2"
      }
    },
    "node_modules/@aws-sdk/client-bedrock-runtime": {
      "version": "3.1055.0",
      "resolved": "https://registry.npmjs.org/@aws-sdk/client-bedrock-runtime/-/client-bedrock-runtime-3.1055.0.tgz",
      "integrity": "sha512-7MMQkiFv+3fKmCd8gvR7arB/m6zsrGY4w0+th5bx121sFnSS+eOHJkAVqykJlYulkQN4zVSHjT2zvd0LKDVyQA==",
      "license": "Apache-2.0",
      "dependencies": {
        "@aws-crypto/sha256-browser": "5.2.0",
        "@aws-crypto/sha256-js": "5.2.0",
        "@aws-sdk/core": "^3.974.14",
        "@aws-sdk/credential-provider-node": "^3.972.45",
        "@aws-sdk/eventstream-handler-node": "^3.972.17",
        "@aws-sdk/middleware-eventstream": "^3.972.13",
        "@aws-sdk/middleware-websocket": "^3.972.22",
        "@aws-sdk/token-providers": "3.1055.0",
        "@aws-sdk/types": "^3.973.9",
        "@smithy/core": "^3.24.3",
        "@smithy/fetch-http-handler": "^5.4.3",
        "@smithy/node-http-handler": "^4.7.3",
        "@smithy/types": "^4.14.2",
        "tslib": "^2.6.2"
      },
      "engines": {
        "node": ">=20.0.0"
      }
    },
    "node_modules/@aws-sdk/core": {
      "version": "3.974.14",
      "resolved": "https://registry.npmjs.org/@aws-sdk/core/-/core-3.974.14.tgz",
      "integrity": "sha512-ppamm04uoj3hhNO5IlQSs5D6rWX1fWkzcn6a4pZrojk8Y6ObY9wzLDdT/Eq3gv6O9hOebi9tYTNB8b8fQj9XJw==",
      "license": "Apache-2.0",
      "dependencies": {
        "@aws-sdk/types": "^3.973.9",
        "@aws-sdk/xml-builder": "^3.972.26",
        "@aws/lambda-invoke-store": "^0.2.2",
        "@smithy/core": "^3.24.3",
        "@smithy/signature-v4": "^5.4.2",
        "@smithy/types": "^4.14.2",
        "bowser": "^2.11.0",
        "tslib": "^2.6.2"
      },
      "engines": {
        "node": ">=20.0.0"
      }
    },
    "node_modules/@aws-sdk/credential-provider-env": {
      "version": "3.972.40",
      "resolved": "https://registry.npmjs.org/@aws-sdk/credential-provider-env/-/credential-provider-env-3.972.40.tgz",
      "integrity": "sha512-jjT0p0Y7KZtcvExYiPCLJnqM9lkXDV1KBEg/13OE2DXv/9batzlyJHVKUEnRNJccY0O2Sul17E1su38CgdBhGQ==",
      "license": "Apache-2.0",
      "dependencies": {
        "@aws-sdk/core": "^3.974.14",
        "@aws-sdk/types": "^3.973.9",
        "@smithy/core": "^3.24.3",
        "@smithy/types": "^4.14.2",
        "tslib": "^2.6.2"
      },
      "engines": {
        "node": ">=20.0.0"
      }
    },
    "node_modules/@aws-sdk/credential-provider-http": {
      "version": "3.972.42",
      "resolved": "https://registry.npmjs.org/@aws-sdk/credential-provider-http/-/credential-provider-http-3.972.42.tgz",
      "integrity": "sha512-+3fsKtWybe5BjKEUA3/07oh7Ayfd82IED2+gyyaVfS/4PU78E3TaOQxSGOJ1t7Imefoidw/ne9QA7apX8wEnJg==",
      "license": "Apache-2.0",
      "dependencies": {
        "@aws-sdk/core": "^3.974.14",
        "@aws-sdk/types": "^3.973.9",
        "@smithy/core": "^3.24.3",
        "@smithy/fetch-http-handler": "^5.4.3",
        "@smithy/node-http-handler": "^4.7.3",
        "@smithy/types": "^4.14.2",
        "tslib": "^2.6.2"
      },
      "engines": {
        "node": ">=20.0.0"
      }
    },
    "node_modules/@aws-sdk/credential-provider-ini": {
      "version": "3.972.44",
      "resolved": "https://registry.npmjs.org/@aws-sdk/credential-provider-ini/-/credential-provider-ini-3.972.44.tgz",
      "integrity": "sha512-gZFw5wBefCIPg9vpT+gV5FdhfNKhYTVDZa1IsZCcn3SRoYUOJ/E05vwIogkJoonqBL0ttBGi5vhthX7xceekRg==",
      "license": "Apache-2.0",
      "dependencies": {
        "@aws-sdk/core": "^3.974.14",
        "@aws-sdk/credential-provider-env": "^3.972.40",
        "@aws-sdk/credential-provider-http": "^3.972.42",
        "@aws-sdk/credential-provider-login": "^3.972.44",
        "@aws-sdk/credential-provider-process": "^3.972.40",
        "@aws-sdk/credential-provider-sso": "^3.972.44",
        "@aws-sdk/credential-provider-web-identity": "^3.972.44",
        "@aws-sdk/nested-clients": "^3.997.12",
        "@aws-sdk/types": "^3.973.9",
        "@smithy/core": "^3.24.3",
        "@smithy/credential-provider-imds": "^4.3.2",
        "@smithy/types": "^4.14.2",
        "tslib": "^2.6.2"
      },
      "engines": {
        "node": ">=20.0.0"
      }
    },
    "node_modules/@aws-sdk/credential-provider-login": {
      "version": "3.972.44",
      "resolved": "https://registry.npmjs.org/@aws-sdk/credential-provider-login/-/credential-provider-login-3.972.44.tgz",
      "integrity": "sha512-QqEGHfQeZgUDqh7zpqHufrZ8T644ELEWvB+4gUdewLyRw4IRF+6CJqeQuRWqucZdQzoQeMh7fNAD9BWxFAdNig==",
      "license": "Apache-2.0",
      "dependencies": {
        "@aws-sdk/core": "^3.974.14",
        "@aws-sdk/nested-clients": "^3.997.12",
        "@aws-sdk/types": "^3.973.9",
        "@smithy/core": "^3.24.3",
        "@smithy/types": "^4.14.2",
        "tslib": "^2.6.2"
      },
      "engines": {
        "node": ">=20.0.0"
      }
    },
    "node_modules/@aws-sdk/credential-provider-node": {
      "version": "3.972.45",
      "resolved": "https://registry.npmjs.org/@aws-sdk/credential-provider-node/-/credential-provider-node-3.972.45.tgz",
      "integrity": "sha512-3YCv52ExXIRz3LAVNysevd+s7akSpg9dl39v9LJ7dOQH+s5rHi3jMZYQyxwMmglxQGMuzYRfQ0o1VSP2UOlIRw==",
      "license": "Apache-2.0",
      "dependencies": {
        "@aws-sdk/credential-provider-env": "^3.972.40",
        "@aws-sdk/credential-provider-http": "^3.972.42",
        "@aws-sdk/credential-provider-ini": "^3.972.44",
        "@aws-sdk/credential-provider-process": "^3.972.40",
        "@aws-sdk/credential-provider-sso": "^3.972.44",
        "@aws-sdk/credential-provider-web-identity": "^3.972.44",
        "@aws-sdk/types": "^3.973.9",
        "@smithy/core": "^3.24.3",
        "@smithy/credential-provider-imds": "^4.3.2",
        "@smithy/types": "^4.14.2",
        "tslib": "^2.6.2"
      },
      "engines": {
        "node": ">=20.0.0"
      }
    },
    "node_modules/@aws-sdk/credential-provider-process": {
      "version": "3.972.40",
      "resolved": "https://registry.npmjs.org/@aws-sdk/credential-provider-process/-/credential-provider-process-3.972.40.tgz",
      "integrity": "sha512-cXaozlgJCOwmE6D7x4npcPdyk7kiFZdrGjN3D6tXXtItJJMNGPafDfAJn4YQmciMooG/X+b0Y6RTqdVVMx26jg==",
      "license": "Apache-2.0",
      "dependencies": {
        "@aws-sdk/core": "^3.974.14",
        "@aws-sdk/types": "^3.973.9",
        "@smithy/core": "^3.24.3",
        "@smithy/types": "^4.14.2",
        "tslib": "^2.6.2"
      },
      "engines": {
        "node": ">=20.0.0"
      }
    },
    "node_modules/@aws-sdk/credential-provider-sso": {
      "version": "3.972.44",
      "resolved": "https://registry.npmjs.org/@aws-sdk/credential-provider-sso/-/credential-provider-sso-3.972.44.tgz",
      "integrity": "sha512-YePoj5kQuPmE0MHnyftXCfsO8ZSBd2kDr50XEIUrdejSbGFlayYvUuCohdb8drhGhPm6b65o7H1eC26EZhwUvA==",
      "license": "Apache-2.0",
      "dependencies": {
        "@aws-sdk/core": "^3.974.14",
        "@aws-sdk/nested-clients": "^3.997.12",
        "@aws-sdk/token-providers": "3.1054.0",
        "@aws-sdk/types": "^3.973.9",
        "@smithy/core": "^3.24.3",
        "@smithy/types": "^4.14.2",
        "tslib": "^2.6.2"
      },
      "engines": {
        "node": ">=20.0.0"
      }
    },
    "node_modules/@aws-sdk/credential-provider-sso/node_modules/@aws-sdk/token-providers": {
      "version": "3.1054.0",
      "resolved": "https://registry.npmjs.org/@aws-sdk/token-providers/-/token-providers-3.1054.0.tgz",
      "integrity": "sha512-hG9YKApmZOw+drJ9Nuoaf/OvC8e5W1+3eoLeN5p2uVCZRWsv27teIS0b4kiH6Sfv3WMmamqYJxmE2WMwyp/L/A==",
      "license": "Apache-2.0",
      "dependencies": {
        "@aws-sdk/core": "^3.974.14",
        "@aws-sdk/nested-clients": "^3.997.12",
        "@aws-sdk/types": "^3.973.9",
        "@smithy/core": "^3.24.3",
        "@smithy/types": "^4.14.2",
        "tslib": "^2.6.2"
      },
      "engines": {
        "node": ">=20.0.0"
      }
    },
    "node_modules/@aws-sdk/credential-provider-web-identity": {
      "version": "3.972.44",
      "resolved": "https://registry.npmjs.org/@aws-sdk/credential-provider-web-identity/-/credential-provider-web-identity-3.972.44.tgz",
      "integrity": "sha512-Ys/JJe++8Z2Y5meR1taMBaVcrGBA0/XsVTQR+qOKZbdNyg+8Jlv5rYZSwh8SqEHY00goSOZy7PHzZ2rLNQxDLg==",
      "license": "Apache-2.0",
      "dependencies": {
        "@aws-sdk/core": "^3.974.14",
        "@aws-sdk/nested-clients": "^3.997.12",
        "@aws-sdk/types": "^3.973.9",
        "@smithy/core": "^3.24.3",
        "@smithy/types": "^4.14.2",
        "tslib": "^2.6.2"
      },
      "engines": {
        "node": ">=20.0.0"
      }
    },
    "node_modules/@aws-sdk/eventstream-handler-node": {
      "version": "3.972.17",
      "resolved": "https://registry.npmjs.org/@aws-sdk/eventstream-handler-node/-/eventstream-handler-node-3.972.17.tgz",
      "integrity": "sha512-WFwdNcjchKZr7jKYgGimUZO8sSKQF/le7GGqgeCzz/lHozInE6b0gFJ1YMr8NaIeAoWJwgtrF7RE4/qMgosAdQ==",
      "license": "Apache-2.0",
      "dependencies": {
        "@aws-sdk/types": "^3.973.9",
        "@smithy/core": "^3.24.3",
        "@smithy/types": "^4.14.2",
        "tslib": "^2.6.2"
      },
      "engines": {
        "node": ">=20.0.0"
      }
    },
    "node_modules/@aws-sdk/middleware-eventstream": {
      "version": "3.972.13",
      "resolved": "https://registry.npmjs.org/@aws-sdk/middleware-eventstream/-/middleware-eventstream-3.972.13.tgz",
      "integrity": "sha512-ECfsw7mf6G/sxNbKbGE3/h1xeIArY/yRI1IjDGYkLgDIankh+aDOtDRSr40LVlIHGL9+jEH1cVuxmbJ8NLL/1A==",
      "license": "Apache-2.0",
      "dependencies": {
        "@aws-sdk/types": "^3.973.9",
        "@smithy/core": "^3.24.3",
        "@smithy/types": "^4.14.2",
        "tslib": "^2.6.2"
      },
      "engines": {
        "node": ">=20.0.0"
      }
    },
    "node_modules/@aws-sdk/middleware-websocket": {
      "version": "3.972.22",
      "resolved": "https://registry.npmjs.org/@aws-sdk/middleware-websocket/-/middleware-websocket-3.972.22.tgz",
      "integrity": "sha512-aumo6pYnvD1/eda3R0UDkRVecwxsuW4zTZLdjbHg7NqYMKmy7vK0bM3NGJzCD+Ys8iqCC7EeDU4LuWVIsXvL+A==",
      "license": "Apache-2.0",
      "dependencies": {
        "@aws-sdk/core": "^3.974.14",
        "@aws-sdk/types": "^3.973.9",
        "@smithy/core": "^3.24.3",
        "@smithy/fetch-http-handler": "^5.4.3",
        "@smithy/signature-v4": "^5.4.2",
        "@smithy/types": "^4.14.2",
        "tslib": "^2.6.2"
      },
      "engines": {
        "node": ">= 14.0.0"
      }
    },
    "node_modules/@aws-sdk/nested-clients": {
      "version": "3.997.12",
      "resolved": "https://registry.npmjs.org/@aws-sdk/nested-clients/-/nested-clients-3.997.12.tgz",
      "integrity": "sha512-Js2VYaCM269feB0cs0cGmlIhdOgT9aMqzdBx68lCy6kVCYfzr0T36ovUFDvfUmatkuBeyBJhCwaLBh7P8meH5Q==",
      "license": "Apache-2.0",
      "dependencies": {
        "@aws-crypto/sha256-browser": "5.2.0",
        "@aws-crypto/sha256-js": "5.2.0",
        "@aws-sdk/core": "^3.974.14",
        "@aws-sdk/signature-v4-multi-region": "^3.996.29",
        "@aws-sdk/types": "^3.973.9",
        "@smithy/core": "^3.24.3",
        "@smithy/fetch-http-handler": "^5.4.3",
        "@smithy/node-http-handler": "^4.7.3",
        "@smithy/types": "^4.14.2",
        "tslib": "^2.6.2"
      },
      "engines": {
        "node": ">=20.0.0"
      }
    },
    "node_modules/@aws-sdk/signature-v4-multi-region": {
      "version": "3.996.29",
      "resolved": "https://registry.npmjs.org/@aws-sdk/signature-v4-multi-region/-/signature-v4-multi-region-3.996.29.tgz",
      "integrity": "sha512-Few9FoQqOt/0KSvZYP+qdW0dfOhfQ9N+gl2UUDvCPW6mkPKHli9LMbKxWj+wZ5zKPaOoqxuR3Hhy3OTpndkfSw==",
      "license": "Apache-2.0",
      "dependencies": {
        "@aws-sdk/types": "^3.973.9",
        "@smithy/signature-v4": "^5.4.2",
        "@smithy/types": "^4.14.2",
        "tslib": "^2.6.2"
      },
      "engines": {
        "node": ">=20.0.0"
      }
    },
    "node_modules/@aws-sdk/token-providers": {
      "version": "3.1055.0",
      "resolved": "https://registry.npmjs.org/@aws-sdk/token-providers/-/token-providers-3.1055.0.tgz",
      "integrity": "sha512-NSCniZ0HmeOWrX1k9aXZtKEST+JlNqOMNe87Vll1y25WlHOErNGgk8oFoMGnbiuWsG8ZS8zLby8fqVmrH8/ufQ==",
      "license": "Apache-2.0",
      "dependencies": {
        "@aws-sdk/core": "^3.974.14",
        "@aws-sdk/nested-clients": "^3.997.12",
        "@aws-sdk/types": "^3.973.9",
        "@smithy/core": "^3.24.3",
        "@smithy/types": "^4.14.2",
        "tslib": "^2.6.2"
      },
      "engines": {
        "node": ">=20.0.0"
      }
    },
    "node_modules/@aws-sdk/types": {
      "version": "3.973.9",
      "resolved": "https://registry.npmjs.org/@aws-sdk/types/-/types-3.973.9.tgz",
      "integrity": "sha512-kuBfgQVdcz5Bmapc4A13YbpVw/pXkesfhetcFYwbntqas8sF41OHyd4o28+/TG2ZQdHBsv90Lsu5y6oitvYCdg==",
      "license": "Apache-2.0",
      "dependencies": {
        "@smithy/types": "^4.14.2",
        "tslib": "^2.6.2"
      },
      "engines": {
        "node": ">=20.0.0"
      }
    },
    "node_modules/@aws-sdk/util-locate-window": {
      "version": "3.965.5",
      "resolved": "https://registry.npmjs.org/@aws-sdk/util-locate-window/-/util-locate-window-3.965.5.tgz",
      "integrity": "sha512-WhlJNNINQB+9qtLtZJcpQdgZw3SCDCpXdUJP7cToGwHbCWCnRckGlc6Bx/OhWwIYFNAn+FIydY8SZ0QmVu3xTQ==",
      "license": "Apache-2.0",
      "dependencies": {
        "tslib": "^2.6.2"
      },
      "engines": {
        "node": ">=20.0.0"
      }
    },
    "node_modules/@aws-sdk/xml-builder": {
      "version": "3.972.26",
      "resolved": "https://registry.npmjs.org/@aws-sdk/xml-builder/-/xml-builder-3.972.26.tgz",
      "integrity": "sha512-cDbrqvDS73whl6YAPSPq0U6whzG6UWI9PuWh0wrUuGoZexhWEqhdunbukV7iBoaWnFV1AODutM5hOD6rtn439g==",
      "license": "Apache-2.0",
      "dependencies": {
        "@smithy/types": "^4.14.2",
        "fast-xml-parser": "5.7.3",
        "tslib": "^2.6.2"
      },
      "engines": {
        "node": ">=20.0.0"
      }
    },
    "node_modules/@aws/lambda-invoke-store": {
      "version": "0.2.4",
      "resolved": "https://registry.npmjs.org/@aws/lambda-invoke-store/-/lambda-invoke-store-0.2.4.tgz",
      "integrity": "sha512-iY8yvjE0y651BixKNPgmv1WrQc+GZ142sb0z4gYnChDDY2YqI4P/jsSopBWrKfAt7LOJAkOXt7rC/hms+WclQQ==",
      "license": "Apache-2.0",
      "engines": {
        "node": ">=18.0.0"
      }
    },
    "node_modules/@nodable/entities": {
      "version": "2.1.1",
      "resolved": "https://registry.npmjs.org/@nodable/entities/-/entities-2.1.1.tgz",
      "integrity": "sha512-Pig3HxDIoMgjdEH8OCf/dkcTmLFjJRjWuq8jSnklu284/TKOPibSRERmOykiwmyXTtv61mP+44f3GMx0tLAyjg==",
      "funding": [
        {
          "type": "github",
          "url": "https://github.com/sponsors/nodable"
        }
      ],
      "license": "MIT"
    },
    "node_modules/@smithy/core": {
      "version": "3.24.5",
      "resolved": "https://registry.npmjs.org/@smithy/core/-/core-3.24.5.tgz",
      "integrity": "sha512-Kt8phUg45M15EjhYAbZ+fFikYneijLu9Liugz8ZsYz2i8j0hzGv27LWKpEHYRfvj+LyCOSijpcR/2i8RouV+cA==",
      "license": "Apache-2.0",
      "dependencies": {
        "@aws-crypto/crc32": "5.2.0",
        "@smithy/types": "^4.14.2",
        "tslib": "^2.6.2"
      },
      "engines": {
        "node": ">=18.0.0"
      }
    },
    "node_modules/@smithy/credential-provider-imds": {
      "version": "4.3.5",
      "resolved": "https://registry.npmjs.org/@smithy/credential-provider-imds/-/credential-provider-imds-4.3.5.tgz",
      "integrity": "sha512-yiF8xHpdkaTfzLVqFzsP6WvNghEK+qZzLYWFD13L2SsFhbXwBGlxdocKF95qjr7s5lE5NRage+EJFK4mAsx88Q==",
      "license": "Apache-2.0",
      "dependencies": {
        "@smithy/core": "^3.24.5",
        "@smithy/types": "^4.14.2",
        "tslib": "^2.6.2"
      },
      "engines": {
        "node": ">=18.0.0"
      }
    },
    "node_modules/@smithy/fetch-http-handler": {
      "version": "5.4.5",
      "resolved": "https://registry.npmjs.org/@smithy/fetch-http-handler/-/fetch-http-handler-5.4.5.tgz",
      "integrity": "sha512-SK3VMeH0fibgdTg2QeB+O4p7Yy/2E5HBOHJeC58FshkDdeuX8lOgO7PfjYfLyPLP1ch55j91cQqKBzDS0mRjSQ==",
      "license": "Apache-2.0",
      "dependencies": {
        "@smithy/core": "^3.24.5",
        "@smithy/types": "^4.14.2",
        "tslib": "^2.6.2"
      },
      "engines": {
        "node": ">=18.0.0"
      }
    },
    "node_modules/@smithy/is-array-buffer": {
      "version": "2.2.0",
      "resolved": "https://registry.npmjs.org/@smithy/is-array-buffer/-/is-array-buffer-2.2.0.tgz",
      "integrity": "sha512-GGP3O9QFD24uGeAXYUjwSTXARoqpZykHadOmA8G5vfJPK0/DC67qa//0qvqrJzL1xc8WQWX7/yc7fwudjPHPhA==",
      "license": "Apache-2.0",
      "dependencies": {
        "tslib": "^2.6.2"
      },
      "engines": {
        "node": ">=14.0.0"
      }
    },
    "node_modules/@smithy/node-http-handler": {
      "version": "4.7.5",
      "resolved": "https://registry.npmjs.org/@smithy/node-http-handler/-/node-http-handler-4.7.5.tgz",
      "integrity": "sha512-3dA9TQ+ybRSZ/m0wnbZhiBy4Dezjgq1Ib/ZZrYTpJDBgpoLLU/SDzZc/g0x0MNAdOJe1wPcM+x2PBRmoOur+Sw==",
      "license": "Apache-2.0",
      "dependencies": {
        "@smithy/core": "^3.24.5",
        "@smithy/types": "^4.14.2",
        "tslib": "^2.6.2"
      },
      "engines": {
        "node": ">=18.0.0"
      }
    },
    "node_modules/@smithy/signature-v4": {
      "version": "5.4.5",
      "resolved": "https://registry.npmjs.org/@smithy/signature-v4/-/signature-v4-5.4.5.tgz",
      "integrity": "sha512-QBJKWGqIknH0dc9LWpfH1mkdokAx6iXYN3UcQ3eY6uIEyScuoQAhfl94ge7ozUy9WgFUdE8xsvwBjaYBbWmPNA==",
      "license": "Apache-2.0",
      "dependencies": {
        "@smithy/core": "^3.24.5",
        "@smithy/types": "^4.14.2",
        "tslib": "^2.6.2"
      },
      "engines": {
        "node": ">=18.0.0"
      }
    },
    "node_modules/@smithy/types": {
      "version": "4.14.2",
      "resolved": "https://registry.npmjs.org/@smithy/types/-/types-4.14.2.tgz",
      "integrity": "sha512-P+otAxbV4CqBybp7EkcJCrig63yE2E7PuNVOmilVMRcx/O+QDzGULTrKsq4DV13gSfak9ObPrWaHl/9bL5YcWw==",
      "license": "Apache-2.0",
      "dependencies": {
        "tslib": "^2.6.2"
      },
      "engines": {
        "node": ">=18.0.0"
      }
    },
    "node_modules/@smithy/util-buffer-from": {
      "version": "2.2.0",
      "resolved": "https://registry.npmjs.org/@smithy/util-buffer-from/-/util-buffer-from-2.2.0.tgz",
      "integrity": "sha512-IJdWBbTcMQ6DA0gdNhh/BwrLkDR+ADW5Kr1aZmd4k3DIF6ezMV4R2NIAmT08wQJ3yUK82thHWmC/TnK/wpMMIA==",
      "license": "Apache-2.0",
      "dependencies": {
        "@smithy/is-array-buffer": "^2.2.0",
        "tslib": "^2.6.2"
      },
      "engines": {
        "node": ">=14.0.0"
      }
    },
    "node_modules/@smithy/util-utf8": {
      "version": "2.3.0",
      "resolved": "https://registry.npmjs.org/@smithy/util-utf8/-/util-utf8-2.3.0.tgz",
      "integrity": "sha512-R8Rdn8Hy72KKcebgLiv8jQcQkXoLMOGGv5uI1/k0l+snqkOzQ1R0ChUBCxWMlBsFMekWjq0wRudIweFs7sKT5A==",
      "license": "Apache-2.0",
      "dependencies": {
        "@smithy/util-buffer-from": "^2.2.0",
        "tslib": "^2.6.2"
      },
      "engines": {
        "node": ">=14.0.0"
      }
    },
    "node_modules/bowser": {
      "version": "2.14.1",
      "resolved": "https://registry.npmjs.org/bowser/-/bowser-2.14.1.tgz",
      "integrity": "sha512-tzPjzCxygAKWFOJP011oxFHs57HzIhOEracIgAePE4pqB3LikALKnSzUyU4MGs9/iCEUuHlAJTjTc5M+u7YEGg==",
      "license": "MIT"
    },
    "node_modules/fast-xml-builder": {
      "version": "1.2.0",
      "resolved": "https://registry.npmjs.org/fast-xml-builder/-/fast-xml-builder-1.2.0.tgz",
      "integrity": "sha512-00aAWieqff+ZJhsXA4g1g7M8k+7AYoMUUHF+/zFb5U6Uv/P0Vl4QZo84/IcufzYalLuEj9928bXN9PbbFzMF0Q==",
      "funding": [
        {
          "type": "github",
          "url": "https://github.com/sponsors/NaturalIntelligence"
        }
      ],
      "license": "MIT",
      "dependencies": {
        "path-expression-matcher": "^1.5.0",
        "xml-naming": "^0.1.0"
      }
    },
    "node_modules/fast-xml-parser": {
      "version": "5.7.3",
      "resolved": "https://registry.npmjs.org/fast-xml-parser/-/fast-xml-parser-5.7.3.tgz",
      "integrity": "sha512-C0AaNuC+mscy6vrAQKAc/rMq+zAPHodfHGZu4sGVehvAQt/JLG1O5zEcYcXSY5zSqr4YVgxsB+pHXTq0i7eDlg==",
      "funding": [
        {
          "type": "github",
          "url": "https://github.com/sponsors/NaturalIntelligence"
        }
      ],
      "license": "MIT",
      "dependencies": {
        "@nodable/entities": "^2.1.0",
        "fast-xml-builder": "^1.1.7",
        "path-expression-matcher": "^1.5.0",
        "strnum": "^2.2.3"
      },
      "bin": {
        "fxparser": "src/cli/cli.js"
      }
    },
    "node_modules/path-expression-matcher": {
      "version": "1.5.0",
      "resolved": "https://registry.npmjs.org/path-expression-matcher/-/path-expression-matcher-1.5.0.tgz",
      "integrity": "sha512-cbrerZV+6rvdQrrD+iGMcZFEiiSrbv9Tfdkvnusy6y0x0GKBXREFg/Y65GhIfm0tnLntThhzCnfKwp1WRjeCyQ==",
      "funding": [
        {
          "type": "github",
          "url": "https://github.com/sponsors/NaturalIntelligence"
        }
      ],
      "license": "MIT",
      "engines": {
        "node": ">=14.0.0"
      }
    },
    "node_modules/strnum": {
      "version": "2.3.0",
      "resolved": "https://registry.npmjs.org/strnum/-/strnum-2.3.0.tgz",
      "integrity": "sha512-ums3KNd42PGyx5xaoVTO1mjU1bH3NpY4vsrVlnv9PNGqQj8wd7rJ6nEypLrJ7z5vxK5RP0yMLo6J/Gsm62DI5Q==",
      "funding": [
        {
          "type": "github",
          "url": "https://github.com/sponsors/NaturalIntelligence"
        }
      ],
      "license": "MIT"
    },
    "node_modules/tslib": {
      "version": "2.8.1",
      "resolved": "https://registry.npmjs.org/tslib/-/tslib-2.8.1.tgz",
      "integrity": "sha512-oJFu94HQb+KVduSUQL7wnpmqnfmLsOA/nAh6b6EH0wCEoK0/mPeXU6c3wKDV83MkOuHPRHtSXKKU99IBazS/2w==",
      "license": "0BSD"
    },
    "node_modules/xml-naming": {
      "version": "0.1.0",
      "resolved": "https://registry.npmjs.org/xml-naming/-/xml-naming-0.1.0.tgz",
      "integrity": "sha512-k8KO9hrMyNk6tUWqUfkTEZbezRRpONVOzUTnc97VnCvyj6Tf9lyUR9EDAIeiVLv56jsMcoXEwjW8Kv5yPY52lw==",
      "funding": [
        {
          "type": "github",
          "url": "https://github.com/sponsors/NaturalIntelligence"
        }
      ],
      "license": "MIT",
      "engines": {
        "node": ">=16.0.0"
      }
    }
  }
}
