lockfileVersion: '9.0'

settings:
  autoInstallPeers: false
  excludeLinksFromLockfile: false

catalogs:
  default:
    typescript:
      specifier: 6.0.3
      version: 6.0.3

importers:

  .:
    dependencies:
      '@stacktape/config':
        specifier: workspace:*
        version: link:../config
      cup-readdir:
        specifier: ^1.0.3
        version: 1.1.0
      fast-glob:
        specifier: ^3.3.3
        version: 3.3.3
      folder-hash:
        specifier: ^4.1.1
        version: 4.1.3
      fs-extra:
        specifier: 11.3.3
        version: 11.3.3
      get-folder-size:
        specifier: ^2.0.1
        version: 2.0.1
      ini:
        specifier: ^4.1.3
        version: 4.1.3
      json5:
        specifier: ^2.2.3
        version: 2.2.3
      kleur:
        specifier: ^4.1.5
        version: 4.1.5
      object-hash:
        specifier: ^3.0.0
        version: 3.0.0
      typescript:
        specifier: 'catalog:'
        version: 6.0.3
    devDependencies:
      '@types/fs-extra':
        specifier: ^11.0.4
        version: 11.0.4
      '@types/get-folder-size':
        specifier: 2.0.0
        version: 2.0.0
      '@types/object-hash':
        specifier: ^2.2.1
        version: 2.2.1
      bun-types:
        specifier: ^1.3.2
        version: 1.3.14
      open-next:
        specifier: 3.1.3
        version: 3.1.3

packages:

  '@aws-sdk/checksums@3.1000.22':
    resolution: {integrity: sha512-YsSac72lcCOSjk5X4fMc20SjltkGUDjckB2vYZcEd/RpgB+huzeQwVZrOWxUvLVo+5D7X9sURgmAAPmErgCQ7w==}
    engines: {node: '>=20.0.0'}

  '@aws-sdk/client-dynamodb@3.1097.0':
    resolution: {integrity: sha512-LSn51uzuJLkZkCI3JjjnXow81rV3vVxm6vdoPu0NYm7jW8CUJ0qKVivze/SOkmne6Li+a8375RzxNgJipmKbjA==}
    engines: {node: '>=20.0.0'}

  '@aws-sdk/client-lambda@3.1097.0':
    resolution: {integrity: sha512-HpslEz/ZsArAbIf5ZYJocmPcO8D9xqf4tAvVrSsMQLeUtg7W6Sw0PimRfm2BivUrUEklY5tzZdRl74zkmHYnpw==}
    engines: {node: '>=20.0.0'}

  '@aws-sdk/client-s3@3.1097.0':
    resolution: {integrity: sha512-iCBD95hrynpxiOzD301pUW9H3mxKcEfMErLqdg58WcIZnEqJuOd7JwcARsV3/y6OWj1t6j2tpS9lGt6X4OnPFw==}
    engines: {node: '>=20.0.0'}

  '@aws-sdk/client-sqs@3.1097.0':
    resolution: {integrity: sha512-2YjZPl8ml3jP7pQXJEC2LMdVJ7oPIchlR+byEWCG6mclzUPy2OcLTvXqW4QMlXeB0JWjdqXcsWw1dBn+SuMvKQ==}
    engines: {node: '>=20.0.0'}

  '@aws-sdk/core@3.977.2':
    resolution: {integrity: sha512-8sT/M5vDcagx5/iM0Bfx7f6i3mfVOQkA34+GTMwp0lIWZb6ma+bjkzDS/r9yqU2yTPBqqMBFPT3+d9kUuuNDJA==}
    engines: {node: '>=20.0.0'}

  '@aws-sdk/credential-provider-env@3.972.63':
    resolution: {integrity: sha512-VSS9dftt7r7GiZ4gs8z0PNaMLVAaSj/MXVr6WQBtsrQQB9miJo7I6lQuJND1/ugFwK9x7OHCYZDkLSYh0FIZtA==}
    engines: {node: '>=20.0.0'}

  '@aws-sdk/credential-provider-http@3.972.65':
    resolution: {integrity: sha512-SH/ec7p1J0CfC28+ypH38IwGENd7tQEvTpmuRSlinthiGxKlwzJbXGXxIMAhn0/lpxnIxudNmCsw3Cy0PDRoAg==}
    engines: {node: '>=20.0.0'}

  '@aws-sdk/credential-provider-ini@3.973.8':
    resolution: {integrity: sha512-alkQpDUHsjHGVXvlV0XFXpPfh9+aTMmN6UYRky0Qky8SbvdxoQdDHftT4uugq8XShP6WtDQW7bo5YQ0SfNSxRQ==}
    engines: {node: '>=20.0.0'}

  '@aws-sdk/credential-provider-login@3.972.70':
    resolution: {integrity: sha512-JlUjK6bYJAxN9PkWWCI/TiOYEdvXNKq61x2DTaEKxRMxAOYNk2LX8m4wVtDFxTZwyXx7Tpmxb49dNprkW/uqXQ==}
    engines: {node: '>=20.0.0'}

  '@aws-sdk/credential-provider-node@3.972.74':
    resolution: {integrity: sha512-V+7pzT0OzROL2uKcQ2+MpnfwKONvozYojmdn8RguAMX9o48gtSVvt+7aCkwWCH2thDXOnUPCN6qn4kiFDelZWA==}
    engines: {node: '>=20.0.0'}

  '@aws-sdk/credential-provider-process@3.972.63':
    resolution: {integrity: sha512-lPt2oGMcvP3uPhhxX5EquHrzBI/ZgJce+CHKcOGZl2ZQAXLLSxu7k/Cgo0HIktyi9dmDFljbOkj4XAnXD93YVQ==}
    engines: {node: '>=20.0.0'}

  '@aws-sdk/credential-provider-sso@3.973.7':
    resolution: {integrity: sha512-FR2b+7QNXP/q+eslVzrCjGKvso8Lcr/B18BvFyD2iLNhq42XSo+wnh8FfX6mtqgaVsL1vuB27uGXuY+xUTa7pg==}
    engines: {node: '>=20.0.0'}

  '@aws-sdk/credential-provider-web-identity@3.972.69':
    resolution: {integrity: sha512-RWNTKGXRkzMJe8bgIAdlz9q0N97m7fThD9KOjBt2CSY+/xnIbrA1/Dnm/ZEz8ZeQ1Of5D+fLaPeoD3lGt6AU4Q==}
    engines: {node: '>=20.0.0'}

  '@aws-sdk/dynamodb-codec@3.973.37':
    resolution: {integrity: sha512-NYaWEWv5owB3usPcaVBMcdXbqzBYf2QCf+wU3AP5MpOXRiMF7qE6O1RaCUZGYCM9Lv7jtvfqCrmgYiicshyYeA==}
    engines: {node: '>=20.0.0'}

  '@aws-sdk/endpoint-cache@3.972.9':
    resolution: {integrity: sha512-LFvdgq8SriaskUcjpBMDE7J2c9RmuT5v3gU36/znV71EU5DKUis4FmGFjCMelKCCViFeVrQADBAlIiOYRhEx6Q==}
    engines: {node: '>=20.0.0'}

  '@aws-sdk/middleware-endpoint-discovery@3.972.26':
    resolution: {integrity: sha512-suOMAYAM43aSyC3cLBvvJIuNyg96nUsPvYQUrq4G+8Prt2qTpFETgaiXX7JP1gIcK5FF0Z2IdyEsPXseZATOPw==}
    engines: {node: '>=20.0.0'}

  '@aws-sdk/middleware-sdk-s3@3.972.68':
    resolution: {integrity: sha512-JA/LRxCSXQAsFHyIZzgncYdcTQTOL3ZS8R7EAeDwoSoWcNG8yxDAacrwFTZIyVSMvkogvlKHRvmrMU68UyQbkw==}
    engines: {node: '>=20.0.0'}

  '@aws-sdk/middleware-sdk-sqs@3.972.38':
    resolution: {integrity: sha512-izM6iWpd/s50WMcYOjLJfWm7McNiJKeit/NNUQ4JQIU0rBmNPMvf7AsJN7tk28N+afPYbpPIUSE3BNWZwtwf8w==}
    engines: {node: '>=20.0.0'}

  '@aws-sdk/nested-clients@3.997.37':
    resolution: {integrity: sha512-vfDmA6APjX1LWxvt6/zcAmTCgRXCj35M+bC9Ujmy40QxYs9Fa9bE7oblOB3ODZ4mdN9R5osU0hTzoJjJlQqqTg==}
    engines: {node: '>=20.0.0'}

  '@aws-sdk/signature-v4-multi-region@3.996.42':
    resolution: {integrity: sha512-DBV4naZP6HYBlAvPpoQzOP12Wvfou/5rN8yJPXjBTBylU5qwCbh/tXr2MddHoIjgoRkEl/eS+IljiUqvmwey1Q==}
    engines: {node: '>=20.0.0'}

  '@aws-sdk/token-providers@3.1097.0':
    resolution: {integrity: sha512-EIsdmy/f5IGc5r01RjKWNvrbBra6z0xudQM0D6Wf8DeGuPoRlubkLqr7VgWijFucO4kg0mtev9H3RX/ZOubUhg==}
    engines: {node: '>=20.0.0'}

  '@aws-sdk/types@3.974.2':
    resolution: {integrity: sha512-3W6IUtSxFbH6X7Wb7DzGCV5QiFQsd0g8bOfntpmDxQlzBoKWUMBu/JPQR0DwkE+Hpnxd6db1tXbOwdeHddG6cA==}
    engines: {node: '>=20.0.0'}

  '@aws-sdk/xml-builder@3.972.37':
    resolution: {integrity: sha512-zKq4HQum8JwDyEuyfuI4bbiAcU0KxP6qy+9PR/IsR92IyE/DaBAikzAS50tjxip4bqIIANpCcG+Yyj6CVhXupg==}
    engines: {node: '>=20.0.0'}

  '@aws/lambda-invoke-store@0.3.0':
    resolution: {integrity: sha512-sl4Bm6yiMNYrZKkqqDFWN0UfnWhlS8ivKxrYl+6t0gCLrqr8y3B2IqZZbFRkfaVVp7C/baApyh71P+LeE1A2sQ==}
    engines: {node: '>=18.0.0'}

  '@esbuild-plugins/node-resolve@0.2.2':
    resolution: {integrity: sha512-+t5FdX3ATQlb53UFDBRb4nqjYBz492bIrnVWvpQHpzZlu9BQL5HasMZhqc409ygUwOWCXZhrWr6NyZ6T6Y+cxw==}
    peerDependencies:
      esbuild: '*'

  '@esbuild/android-arm64@0.19.2':
    resolution: {integrity: sha512-lsB65vAbe90I/Qe10OjkmrdxSX4UJDjosDgb8sZUKcg3oefEuW2OT2Vozz8ef7wrJbMcmhvCC+hciF8jY/uAkw==}
    engines: {node: '>=12'}
    cpu: [arm64]
    os: [android]

  '@esbuild/android-arm@0.19.2':
    resolution: {integrity: sha512-tM8yLeYVe7pRyAu9VMi/Q7aunpLwD139EY1S99xbQkT4/q2qa6eA4ige/WJQYdJ8GBL1K33pPFhPfPdJ/WzT8Q==}
    engines: {node: '>=12'}
    cpu: [arm]
    os: [android]

  '@esbuild/android-x64@0.19.2':
    resolution: {integrity: sha512-qK/TpmHt2M/Hg82WXHRc/W/2SGo/l1thtDHZWqFq7oi24AjZ4O/CpPSu6ZuYKFkEgmZlFoa7CooAyYmuvnaG8w==}
    engines: {node: '>=12'}
    cpu: [x64]
    os: [android]

  '@esbuild/darwin-arm64@0.19.2':
    resolution: {integrity: sha512-Ora8JokrvrzEPEpZO18ZYXkH4asCdc1DLdcVy8TGf5eWtPO1Ie4WroEJzwI52ZGtpODy3+m0a2yEX9l+KUn0tA==}
    engines: {node: '>=12'}
    cpu: [arm64]
    os: [darwin]

  '@esbuild/darwin-x64@0.19.2':
    resolution: {integrity: sha512-tP+B5UuIbbFMj2hQaUr6EALlHOIOmlLM2FK7jeFBobPy2ERdohI4Ka6ZFjZ1ZYsrHE/hZimGuU90jusRE0pwDw==}
    engines: {node: '>=12'}
    cpu: [x64]
    os: [darwin]

  '@esbuild/freebsd-arm64@0.19.2':
    resolution: {integrity: sha512-YbPY2kc0acfzL1VPVK6EnAlig4f+l8xmq36OZkU0jzBVHcOTyQDhnKQaLzZudNJQyymd9OqQezeaBgkTGdTGeQ==}
    engines: {node: '>=12'}
    cpu: [arm64]
    os: [freebsd]

  '@esbuild/freebsd-x64@0.19.2':
    resolution: {integrity: sha512-nSO5uZT2clM6hosjWHAsS15hLrwCvIWx+b2e3lZ3MwbYSaXwvfO528OF+dLjas1g3bZonciivI8qKR/Hm7IWGw==}
    engines: {node: '>=12'}
    cpu: [x64]
    os: [freebsd]

  '@esbuild/linux-arm64@0.19.2':
    resolution: {integrity: sha512-ig2P7GeG//zWlU0AggA3pV1h5gdix0MA3wgB+NsnBXViwiGgY77fuN9Wr5uoCrs2YzaYfogXgsWZbm+HGr09xg==}
    engines: {node: '>=12'}
    cpu: [arm64]
    os: [linux]

  '@esbuild/linux-arm@0.19.2':
    resolution: {integrity: sha512-Odalh8hICg7SOD7XCj0YLpYCEc+6mkoq63UnExDCiRA2wXEmGlK5JVrW50vZR9Qz4qkvqnHcpH+OFEggO3PgTg==}
    engines: {node: '>=12'}
    cpu: [arm]
    os: [linux]

  '@esbuild/linux-ia32@0.19.2':
    resolution: {integrity: sha512-mLfp0ziRPOLSTek0Gd9T5B8AtzKAkoZE70fneiiyPlSnUKKI4lp+mGEnQXcQEHLJAcIYDPSyBvsUbKUG2ri/XQ==}
    engines: {node: '>=12'}
    cpu: [ia32]
    os: [linux]

  '@esbuild/linux-loong64@0.19.2':
    resolution: {integrity: sha512-hn28+JNDTxxCpnYjdDYVMNTR3SKavyLlCHHkufHV91fkewpIyQchS1d8wSbmXhs1fiYDpNww8KTFlJ1dHsxeSw==}
    engines: {node: '>=12'}
    cpu: [loong64]
    os: [linux]

  '@esbuild/linux-mips64el@0.19.2':
    resolution: {integrity: sha512-KbXaC0Sejt7vD2fEgPoIKb6nxkfYW9OmFUK9XQE4//PvGIxNIfPk1NmlHmMg6f25x57rpmEFrn1OotASYIAaTg==}
    engines: {node: '>=12'}
    cpu: [mips64el]
    os: [linux]

  '@esbuild/linux-ppc64@0.19.2':
    resolution: {integrity: sha512-dJ0kE8KTqbiHtA3Fc/zn7lCd7pqVr4JcT0JqOnbj4LLzYnp+7h8Qi4yjfq42ZlHfhOCM42rBh0EwHYLL6LEzcw==}
    engines: {node: '>=12'}
    cpu: [ppc64]
    os: [linux]

  '@esbuild/linux-riscv64@0.19.2':
    resolution: {integrity: sha512-7Z/jKNFufZ/bbu4INqqCN6DDlrmOTmdw6D0gH+6Y7auok2r02Ur661qPuXidPOJ+FSgbEeQnnAGgsVynfLuOEw==}
    engines: {node: '>=12'}
    cpu: [riscv64]
    os: [linux]

  '@esbuild/linux-s390x@0.19.2':
    resolution: {integrity: sha512-U+RinR6aXXABFCcAY4gSlv4CL1oOVvSSCdseQmGO66H+XyuQGZIUdhG56SZaDJQcLmrSfRmx5XZOWyCJPRqS7g==}
    engines: {node: '>=12'}
    cpu: [s390x]
    os: [linux]

  '@esbuild/linux-x64@0.19.2':
    resolution: {integrity: sha512-oxzHTEv6VPm3XXNaHPyUTTte+3wGv7qVQtqaZCrgstI16gCuhNOtBXLEBkBREP57YTd68P0VgDgG73jSD8bwXQ==}
    engines: {node: '>=12'}
    cpu: [x64]
    os: [linux]

  '@esbuild/netbsd-x64@0.19.2':
    resolution: {integrity: sha512-WNa5zZk1XpTTwMDompZmvQLHszDDDN7lYjEHCUmAGB83Bgs20EMs7ICD+oKeT6xt4phV4NDdSi/8OfjPbSbZfQ==}
    engines: {node: '>=12'}
    cpu: [x64]
    os: [netbsd]

  '@esbuild/openbsd-x64@0.19.2':
    resolution: {integrity: sha512-S6kI1aT3S++Dedb7vxIuUOb3oAxqxk2Rh5rOXOTYnzN8JzW1VzBd+IqPiSpgitu45042SYD3HCoEyhLKQcDFDw==}
    engines: {node: '>=12'}
    cpu: [x64]
    os: [openbsd]

  '@esbuild/sunos-x64@0.19.2':
    resolution: {integrity: sha512-VXSSMsmb+Z8LbsQGcBMiM+fYObDNRm8p7tkUDMPG/g4fhFX5DEFmjxIEa3N8Zr96SjsJ1woAhF0DUnS3MF3ARw==}
    engines: {node: '>=12'}
    cpu: [x64]
    os: [sunos]

  '@esbuild/win32-arm64@0.19.2':
    resolution: {integrity: sha512-5NayUlSAyb5PQYFAU9x3bHdsqB88RC3aM9lKDAz4X1mo/EchMIT1Q+pSeBXNgkfNmRecLXA0O8xP+x8V+g/LKg==}
    engines: {node: '>=12'}
    cpu: [arm64]
    os: [win32]

  '@esbuild/win32-ia32@0.19.2':
    resolution: {integrity: sha512-47gL/ek1v36iN0wL9L4Q2MFdujR0poLZMJwhO2/N3gA89jgHp4MR8DKCmwYtGNksbfJb9JoTtbkoe6sDhg2QTA==}
    engines: {node: '>=12'}
    cpu: [ia32]
    os: [win32]

  '@esbuild/win32-x64@0.19.2':
    resolution: {integrity: sha512-tcuhV7ncXBqbt/Ybf0IyrMcwVOAPDckMK9rXNHtF17UTK18OKLpg08glminN06pt2WCoALhXdLfSPbVvK/6fxw==}
    engines: {node: '>=12'}
    cpu: [x64]
    os: [win32]

  '@jridgewell/gen-mapping@0.3.13':
    resolution: {integrity: sha512-2kkt/7niJ6MgEPxF0bYdQ6etZaA+fQvDcLKckhy1yIQOzaoKjBBjSj63/aLVjYE3qhRt5dvM+uUyfCg6UKCBbA==}

  '@jridgewell/resolve-uri@3.1.2':
    resolution: {integrity: sha512-bRISgCIjP20/tbWSPWMEi54QVPRZExkuD9lJL+UIxUKtwVJA8wW1Trb1jMs1RFXo1CBTNZ/5hpC9QvmKWdopKw==}
    engines: {node: '>=6.0.0'}

  '@jridgewell/source-map@0.3.11':
    resolution: {integrity: sha512-ZMp1V8ZFcPG5dIWnQLr3NSI1MiCU7UETdS/A0G8V/XWHvJv3ZsFqutJn1Y5RPmAPX6F3BiE397OqveU/9NCuIA==}

  '@jridgewell/sourcemap-codec@1.5.5':
    resolution: {integrity: sha512-cYQ9310grqxueWbl+WuIUIaiUaDcj7WOq5fVhEljNVgRfOUhY9fy2zTvfoqWsnebh8Sl70VScFbICvJnLKB0Og==}

  '@jridgewell/trace-mapping@0.3.31':
    resolution: {integrity: sha512-zzNR+SdQSDJzc8joaeP8QQoCQr8NuYx2dIIytl1QeBEZHJ9uW6hebsrYgbz8hJwUQao3TWCMtmfV8Nu1twOLAw==}

  '@node-minify/core@8.0.6':
    resolution: {integrity: sha512-/vxN46ieWDLU67CmgbArEvOb41zlYFOkOtr9QW9CnTrBLuTyGgkyNWC2y5+khvRw3Br58p2B5ZVSx/PxCTru6g==}
    engines: {node: '>=16.0.0'}

  '@node-minify/terser@8.0.6':
    resolution: {integrity: sha512-grQ1ipham743ch2c3++C8Isk6toJnxJSyDiwUI/IWUCh4CZFD6aYVw6UAY40IpCnjrq5aXGwiv5OZJn6Pr0hvg==}
    engines: {node: '>=16.0.0'}

  '@node-minify/utils@8.0.6':
    resolution: {integrity: sha512-csY4qcR7jUwiZmkreNTJhcypQfts2aY2CK+a+rXgXUImZiZiySh0FvwHjRnlqWKvg+y6ae9lHFzDRjBTmqlTIQ==}
    engines: {node: '>=16.0.0'}

  '@nodelib/fs.scandir@2.1.5':
    resolution: {integrity: sha512-vq24Bq3ym5HEQm2NKCr3yXDwjc7vTsEThRDnkp2DK9p1uqLR+DHurm/NOTo0KG7HYHU7eppKZj3MyqYuMBf62g==}
    engines: {node: '>= 8'}

  '@nodelib/fs.stat@2.0.5':
    resolution: {integrity: sha512-RkhPPp2zrqDAQA/2jNhnztcPAlv64XdhIp7a7454A5ovI7Bukxgt7MX7udwAu3zg1DcpPU0rz3VV1SeaqvY4+A==}
    engines: {node: '>= 8'}

  '@nodelib/fs.walk@1.2.8':
    resolution: {integrity: sha512-oGB+UxlgWcgQkgwo8GcEGwemoTFt3FIO9ababBmaGwXIoBKZ+GTy0pP185beGg7Llih/NSHSV2XAs1lnznocSg==}
    engines: {node: '>= 8'}

  '@smithy/core@3.31.0':
    resolution: {integrity: sha512-sylYk2l9d7CmRv8ts8p0SDQUr3VO+HMeS1nrjL6+UtbO8ktJHTOeQ1McX+aAyvGGccp5aZX9eNtdcXrSwzoZaw==}
    engines: {node: '>=18.0.0'}

  '@smithy/credential-provider-imds@4.4.15':
    resolution: {integrity: sha512-xYVGrisQqTJWhOnScUhbx8s9H63TMtoxzuUoxG6mP8J+B/YbX3vZxVsgV0xDf43abJnJP0fjP7BkQh7OESwuRA==}
    engines: {node: '>=18.0.0'}

  '@smithy/fetch-http-handler@5.6.12':
    resolution: {integrity: sha512-OpQgP6IGH4j0NJ2zjfYZLjQL85ai+Wi/q51EmZJovXsEwKSvu89qiXUq77Q6EmwZ/hSl7fKpn2Z9mhiDN6OM+Q==}
    engines: {node: '>=18.0.0'}

  '@smithy/node-http-handler@4.9.12':
    resolution: {integrity: sha512-dWW5KRt4mnEvjNzbGqGeCuAvgum85Y9ZoyuMQqcTEfapndyVJ1k9BEHK7kdXJZ32enyRmmwcFjMwlB/KgLKI3Q==}
    engines: {node: '>=18.0.0'}

  '@smithy/signature-v4@5.6.11':
    resolution: {integrity: sha512-7HsspeiNCZvZHEJ22vV5L/QYuJdTyJvPJvMrYD3AgkM3IJB0pkln4jkjPvtpTWRMkHXbO8WKwNjoVdVlBFwHmw==}
    engines: {node: '>=18.0.0'}

  '@smithy/types@4.16.1':
    resolution: {integrity: sha512-0JFs3V2y2M9tKW5na/qxe69Zv+uxLMO7QBbhxF/FHu/Gp2NFZAAL9tWl9PU02xxo07pb3G9FTyjNc6D5uZrJIg==}
    engines: {node: '>=18.0.0'}

  '@tsconfig/node18@1.0.3':
    resolution: {integrity: sha512-RbwvSJQsuN9TB04AQbGULYfOGE/RnSFk/FLQ5b0NmDf5Kx2q/lABZbHQPKCO1vZ6Fiwkplu+yb9pGdLy1iGseQ==}

  '@types/fs-extra@11.0.4':
    resolution: {integrity: sha512-yTbItCNreRooED33qjunPthRcSjERP1r4MqCZc7wv0u2sUkzTFp45tgUfS5+r7FrZPdmCCNflLhVSP/o+SemsQ==}

  '@types/get-folder-size@2.0.0':
    resolution: {integrity: sha512-6VKKrDB20E/6ovi2Pfpy9Pcz8Me1ue/tReaZrwrz9mfVdsr6WAMiDZ+F1oAAcss4U5n2k673i1leDIx2aEBDFQ==}

  '@types/jsonfile@6.1.4':
    resolution: {integrity: sha512-D5qGUYwjvnNNextdU59/+fI+spnwtTFmyQP0h+PfIOSkNfpU6AOICUOkm4i0OnSk+NyjdPJrxCDro0sJsWlRpQ==}

  '@types/node@26.1.1':
    resolution: {integrity: sha512-nxAkRSVkN1Y0JC1W8ky/fTfkGsMmcrRsbx+3XoZE+rMOX71kLYTV7fLXpqud1GpbpP5TuffXFqfX7fH2GgZREw==}

  '@types/object-hash@2.2.1':
    resolution: {integrity: sha512-i/rtaJFCsPljrZvP/akBqEwUP2y5cZLOmvO+JaYnz01aPknrQ+hB5MRcO7iqCUsFaYfTG8kGfKUyboA07xeDHQ==}

  '@types/resolve@1.20.6':
    resolution: {integrity: sha512-A4STmOXPhMUtHH+S6ymgE2GiBSMqf4oTvcQZMcHzokuTLVYzXTB8ttjcgxOVaAp2lGwEdzZ0J+cRbbeevQj1UQ==}

  acorn@8.18.0:
    resolution: {integrity: sha512-lGq+9yr1/GuAWaVYIHRjvvySG5/4VfKIvC8EWxStPdcDh/Ka7FG3twP6v4d5BkravUilhIAsG4Qj83t02LWUPQ==}
    engines: {node: '>=0.4.0'}
    hasBin: true

  aws4fetch@1.0.20:
    resolution: {integrity: sha512-/djoAN709iY65ETD6LKCtyyEI04XIBP5xVvfmNxsEP0uJB5tyaGBztSryRr4HqMStr9R06PisQE7m9zDTXKu6g==}

  balanced-match@1.0.2:
    resolution: {integrity: sha512-3oSeUO0TMV67hN1AmbXsK4yaqU7tjiHlbxRDZOpH0KW9+CeX4bRAaX0Anxt0tx2MrpRpWwQaPwIlISEJhYU5Pw==}

  bowser@2.14.1:
    resolution: {integrity: sha512-tzPjzCxygAKWFOJP011oxFHs57HzIhOEracIgAePE4pqB3LikALKnSzUyU4MGs9/iCEUuHlAJTjTc5M+u7YEGg==}

  brace-expansion@2.1.3:
    resolution: {integrity: sha512-DRdx5neNsG/QXbniLFWi2YmC/68oeOOmKz6zOjVk6ZS1ZLXgLIKqVEc6hWsmkjBbgii0SwaBTcJ5XKj5gzY/4A==}

  braces@3.0.3:
    resolution: {integrity: sha512-yQbXgO/OSZVD2IsiLlro+7Hf6Q18EJrKSEsdoMzKePKXct3gvD8oLcOQdIzGupr5Fj+EDe8gO/lxc1BzfMpxvA==}
    engines: {node: '>=8'}

  buffer-from@1.1.2:
    resolution: {integrity: sha512-E+XQCRwSbaaiChtv6k6Dwgc+bx+Bs6vuKJHHl5kox/BaKbhiXzqQOwK4cO22yElGp2OCmjwVhT3HmxgyPGnJfQ==}

  bun-types@1.3.14:
    resolution: {integrity: sha512-4N0ig0fEomHt5R0KCFWjovxow98rIoRwKolrYdCcknNwMekCXRnWEUvgu5soYV8QXtVsrUD8B95MBOZGPvr6KQ==}

  chalk@5.6.2:
    resolution: {integrity: sha512-7NzBL0rN6fMUW+f7A6Io4h40qQlG+xGmtMxfbnH/K7TAtt8JQWVQK+6g0UXKMeVJoyV5EkkNsErQ8pVD3bLHbA==}
    engines: {node: ^12.17.0 || ^14.13 || >=16.0.0}

  commander@2.20.3:
    resolution: {integrity: sha512-GpVkmM8vF2vQUkj2LvZmD35JxeJOLCwJ9cUkugyk2nuhbv3+mJvpLYYt+0+USMxE+oj+ey/lJEnhZw75x/OMcQ==}

  cup-readdir@1.1.0:
    resolution: {integrity: sha512-GS4INXXHrqg5TaadUWGGhrGyBh7xr/nnlkTi8m69gYQAiKyKGauD6z2mF3tquf8UqKwyia4S382RFzxINeussQ==}

  debug@4.4.0:
    resolution: {integrity: sha512-6WTZ/IxCY/T6BALoZHaE4ctp9xm+Z5kY/pzYaCHRFeyVhojxlrm+46y68HA6hr0TcwEssoxNiDEUJQjfPZ/RYA==}
    engines: {node: '>=6.0'}
    peerDependencies:
      supports-color: '*'
    peerDependenciesMeta:
      supports-color:
        optional: true

  duplexer@0.1.2:
    resolution: {integrity: sha512-jtD6YG370ZCIi/9GTaJKQxWTZD045+4R4hTk/x1UyoqadyJ9x9CgSi1RlVDQF8U2sxLLSnFkCaMihqljHIWgMg==}

  es-errors@1.3.0:
    resolution: {integrity: sha512-Zf5H2Kxt2xjTvbJvP2ZWLEICxA6j+hAmMzIlypy4xcBg1vKVnx89Wy0GbS+kf5cwCVFFzdCFh2XSCFNULS6csw==}
    engines: {node: '>= 0.4'}

  esbuild@0.19.2:
    resolution: {integrity: sha512-G6hPax8UbFakEj3hWO0Vs52LQ8k3lnBhxZWomUJDxfz3rZTLqF5k/FCzuNdLx2RbpBiQQF9H9onlDDH1lZsnjg==}
    engines: {node: '>=12'}
    hasBin: true

  escape-string-regexp@4.0.0:
    resolution: {integrity: sha512-TtpcNJ3XAzx3Gq8sWRzJaVajRs0uVxA2YAkdb1jm2YkPz4G6egUFAyA3n5vtEIZefPk5Wa4UXbKuS5fKkJWdgA==}
    engines: {node: '>=10'}

  fast-glob@3.3.3:
    resolution: {integrity: sha512-7MptL8U0cqcFdzIzwOTHoilX9x5BrNqye7Z/LuC7kCMRio1EMSyqRK3BEAUD7sXRq4iT4AzTVuZdhgQ2TCvYLg==}
    engines: {node: '>=8.6.0'}

  fastq@1.20.1:
    resolution: {integrity: sha512-GGToxJ/w1x32s/D2EKND7kTil4n8OVk/9mycTc4VDza13lOvpUZTGX3mFSCtV9ksdGBVzvsyAVLM6mHFThxXxw==}

  fill-range@7.1.1:
    resolution: {integrity: sha512-YsGpe3WHLK8ZYi4tWDg2Jy3ebRz2rXowDxnld4bkQB00cc/1Zw9AWnC0i9ztDJitivtQvaI9KaLyKrc+hBW0yg==}
    engines: {node: '>=8'}

  folder-hash@4.1.3:
    resolution: {integrity: sha512-94fj+fXj1XHT8zGumUy/VlyFARc/yrslKJ2+vjrP/U6ftTdL7u68+gQhvSBjz9wrwTuty6BpZ7JsbEK5OU9RNw==}
    engines: {node: '>=10.10.0'}
    hasBin: true

  fs-extra@11.3.3:
    resolution: {integrity: sha512-VWSRii4t0AFm6ixFFmLLx1t7wS1gh+ckoa84aOeapGum0h+EZd1EhEumSB+ZdDLnEPuucsVB9oB7cxJHap6Afg==}
    engines: {node: '>=14.14'}

  fs.realpath@1.0.0:
    resolution: {integrity: sha512-OO0pH2lK6a0hZnAdau5ItzHPI6pUlvI7jMVnxUQRtw4owF2wk8lOSabtGDCTP4Ggrg2MbGnWO9X8K1t4+fGMDw==}

  function-bind@1.1.2:
    resolution: {integrity: sha512-7XHNxH7qX9xG5mIwxkhumTox/MIRNcOgDrxWsMt2pAr23WHp6MrRlN7FBSFpCpr+oVO0F744iUgR82nJMfG2SA==}

  gar@1.0.4:
    resolution: {integrity: sha512-w4n9cPWyP7aHxKxYHFQMegj7WIAsL/YX/C4Bs5Rr8s1H9M1rNtRWRsw+ovYMkXDQ5S4ZbYHsHAPmevPjPgw44w==}
    deprecated: Package no longer supported. Contact Support at https://www.npmjs.com/support for more info.

  get-folder-size@2.0.1:
    resolution: {integrity: sha512-+CEb+GDCM7tkOS2wdMKTn9vU7DgnKUTuDlehkNJKNSovdCOVxs14OfKCk4cvSaR3za4gj+OBdl9opPN9xrJ0zA==}
    hasBin: true

  glob-parent@5.1.2:
    resolution: {integrity: sha512-AOIgSQCepiJYwP3ARnGx+5VnTu2HBYdzbGP45eLw1vr3zB3vZLeyed1sC9hnbcOc9/SrMyM5RPQrkGz4aS9Zow==}
    engines: {node: '>= 6'}

  glob@9.3.5:
    resolution: {integrity: sha512-e1LleDykUz2Iu+MTYdkSsuWX8lvAjAcs0Xef0lNIu0S2wOAzuTxCJtcd9S3cijlwYF18EsU3rzb8jPVobxDh9Q==}
    engines: {node: '>=16 || 14 >=14.17'}
    deprecated: Old versions of glob are not supported, and contain widely publicized security vulnerabilities, which have been fixed in the current version. Please update. Support for old versions may be purchased (at exorbitant rates) by contacting i@izs.me

  graceful-fs@4.2.11:
    resolution: {integrity: sha512-RbJ5/jmFcNNCcDV5o9eTnBLJ/HszWV0P73bc+Ff4nS/rJj+YaS6IGyiOL0VoBYX+l1Wrl3k63h/KrH+nhJ0XvQ==}

  gzip-size@6.0.0:
    resolution: {integrity: sha512-ax7ZYomf6jqPTQ4+XCpUGyXKHk5WweS+e05MBO4/y3WJ5RkmPXNKvX+bx1behVILVwr6JSQvZAku021CHPXG3Q==}
    engines: {node: '>=10'}

  hasown@2.0.4:
    resolution: {integrity: sha512-T2UbfbBEF32wiepXIsMlTW9+dDYC6wMh/t/vYA4tuOMKqWz/n3vr1NFSxQiyP+zk2mXsoMA/i/7qV6LKut1t1A==}
    engines: {node: '>= 0.4'}

  ini@4.1.3:
    resolution: {integrity: sha512-X7rqawQBvfdjS10YU1y1YVreA3SsLrW9dX2CewP2EbBJM4ypVNLDkO5y04gejPwKIY9lR+7r9gn3rFPt/kmWFg==}
    engines: {node: ^14.17.0 || ^16.13.0 || >=18.0.0}

  is-core-module@2.16.2:
    resolution: {integrity: sha512-evOr8xfXKxE6qSR0hSXL2r3sd7ALj8+7jQEUvPYcm5sgZFdJ+AYzT6yNmJenvIYQBgIGwfwz08sL8zoL7yq2BA==}
    engines: {node: '>= 0.4'}

  is-extglob@2.1.1:
    resolution: {integrity: sha512-SbKbANkN603Vi4jEZv49LeVJMn4yGwsbzZworEoyEiutsN3nJYdbO36zfhGJ6QEDpOZIFkDtnq5JRxmvl3jsoQ==}
    engines: {node: '>=0.10.0'}

  is-glob@4.0.3:
    resolution: {integrity: sha512-xelSayHH36ZgE7ZWhli7pW34hNbNl8Ojv5KVmkJD4hBdD3th8Tfk9vYasLM+mXWOZhFkgZfxhLSnrwRr4elSSg==}
    engines: {node: '>=0.10.0'}

  is-number@7.0.0:
    resolution: {integrity: sha512-41Cifkg6e8TylSpdtTpeLVMqvSBEVzTttHvERD741+pnZ8ANv0004MRL43QKPDlK9cGvNp6NZWZUBlbGXYxxng==}
    engines: {node: '>=0.12.0'}

  json5@2.2.3:
    resolution: {integrity: sha512-XmOWe7eyHYH14cLdVPoyg+GOH3rYX++KpzrylJwSW98t3Nk+U8XOl8FWKOgwtzdb8lXGf6zYwDUzeHMWfxasyg==}
    engines: {node: '>=6'}
    hasBin: true

  jsonfile@6.2.1:
    resolution: {integrity: sha512-zwOTdL3rFQ/lRdBnntKVOX6k5cKJwEc1HdilT71BWEu7J41gXIB2MRp+vxduPSwZJPWBxEzv4yH1wYLJGUHX4Q==}

  kleur@4.1.5:
    resolution: {integrity: sha512-o+NO+8WrRiQEE4/7nwRJhN1HWpVmJm511pBHUxPLtp0BUISzlBplORYSmTclCnJvQq2tKu/sgl3xVpkc7ZWuQQ==}
    engines: {node: '>=6'}

  lru-cache@10.4.3:
    resolution: {integrity: sha512-JNAzZcXrCt42VGLuYz0zfAzDfAvJWW6AfYlDBQyDV5DClI2m5sAmK+OIO7s59XfsRsWHp02jAJrRadPRGTt6SQ==}

  merge2@1.4.1:
    resolution: {integrity: sha512-8q7VEgMJW4J8tcfVPy8g09NcQwZdbwFEqhe/WZkoIzjn/3TGDwtOCYtXGxA3O8tPzpczCCDgv+P2P5y00ZJOOg==}
    engines: {node: '>= 8'}

  micromatch@4.0.8:
    resolution: {integrity: sha512-PXwfBhYu0hBCPw8Dn0E+WDYb7af3dSLVWKi3HGv84IdF4TyFoC0ysxFd0Goxw7nSv4T/PzEJQxsYsEiFCKo2BA==}
    engines: {node: '>=8.6'}

  minimatch@7.4.9:
    resolution: {integrity: sha512-Brg/fp/iAVDOQoHxkuN5bEYhyQlZhxddI78yWsCbeEwTHXQjlNLtiJDUsp1GIptVqMI7/gkJMz4vVAc01mpoBw==}
    engines: {node: '>=10'}

  minimatch@8.0.7:
    resolution: {integrity: sha512-V+1uQNdzybxa14e/p00HZnQNNcTjnRJjDxg2V8wtkjFctq4M7hXFws4oekyTP0Jebeq7QYtpFyOeBAjc88zvYg==}
    engines: {node: '>=16 || 14 >=14.17'}

  minipass@4.2.8:
    resolution: {integrity: sha512-fNzuVyifolSLFL4NzpF+wEF4qrgqaaKX0haXPQEdQ7NKAN+WecoKMHV09YcuL/DHxrUsYQOK3MiuDf7Ip2OXfQ==}
    engines: {node: '>=8'}

  minipass@7.1.3:
    resolution: {integrity: sha512-tEBHqDnIoM/1rXME1zgka9g6Q2lcoCkxHLuc7ODJ5BxbP5d4c2Z5cGgtXAku59200Cx7diuHTOYfSBD8n6mm8A==}
    engines: {node: '>=16 || 14 >=14.17'}

  mkdirp@1.0.4:
    resolution: {integrity: sha512-vVqVZQyf3WLx2Shd0qJ9xuvqgAyKPLAiqITEtqW0oIUjzo3PePDd6fW9iFz30ef7Ysp/oiWqbhszeGWW2T6Gzw==}
    engines: {node: '>=10'}
    hasBin: true

  mnemonist@0.38.3:
    resolution: {integrity: sha512-2K9QYubXx/NAjv4VLq1d1Ly8pWNC5L3BrixtdkyTegXWJIqY+zLNDhhX/A+ZwWt70tB1S8H4BE8FLYEFyNoOBw==}

  ms@2.1.3:
    resolution: {integrity: sha512-6FlzubTLZG3J2a/NVCAleEhjzq5oxgHyaCU9yYXvcLsvoVaHJq/s5xXI6/XXP6tz7R9xAOtHnSO/tXtF3WRTlA==}

  object-hash@3.0.0:
    resolution: {integrity: sha512-RSn9F68PjH9HqtltsSnqYC1XXoWe9Bju5+213R98cNGttag9q9yAOTzdbsqvIa7aNm5WffBZFpWYr2aWrklWAw==}
    engines: {node: '>= 6'}

  obliterator@1.6.1:
    resolution: {integrity: sha512-9WXswnqINnnhOG/5SLimUlzuU1hFJUc8zkwyD59Sd+dPOMf05PmnYG/d6Q7HZ+KmgkZJa1PxRso6QdM3sTNHig==}

  open-next@3.1.3:
    resolution: {integrity: sha512-vLj4TvFkPOxFORA78JpZ5r7YvrPxFht85mEDkNkpt+NhXc8xGQk6LxdcDW3sCKqir+C4L+qmTDycXyow7UJcPg==}
    hasBin: true

  path-parse@1.0.7:
    resolution: {integrity: sha512-LDJzPVEEEPR+y48z93A0Ed0yXb8pAByGWo/k5YYdYgpY2/2EsOsksJrq7lOHxryrVOn1ejG6oAp8ahvOIQD8sw==}

  path-scurry@1.11.1:
    resolution: {integrity: sha512-Xa4Nw17FS9ApQFJ9umLiJS4orGjm7ZzwUrwamcGQuHSzDyth9boKDaycYdDcZDuqYATXw4HFXgaqWTctW/v1HA==}
    engines: {node: '>=16 || 14 >=14.18'}

  path-to-regexp@6.3.0:
    resolution: {integrity: sha512-Yhpw4T9C6hPpgPeA28us07OJeqZ5EzQTkbfwuhsUg0c237RomFoETJgmp2sa3F/41gfLE6G5cqcYwznmeEeOlQ==}

  picomatch@2.3.2:
    resolution: {integrity: sha512-V7+vQEJ06Z+c5tSye8S+nHUfI51xoXIXjHQ99cQtKUkQqqO1kO/KCJUfZXuB47h/YBlDhah2H3hdUGXn8ie0oA==}
    engines: {node: '>=8.6'}

  promise.series@0.2.0:
    resolution: {integrity: sha512-VWQJyU2bcDTgZw8kpfBpB/ejZASlCrzwz5f2hjb/zlujOEB4oeiAhHygAWq8ubsX2GVkD4kCU5V2dwOTaCY5EQ==}
    engines: {node: '>=0.12'}

  queue-microtask@1.2.3:
    resolution: {integrity: sha512-NuaNSa6flKT5JaSYQzJok04JzTL1CA6aGhv5rfLW3PgqA+M2ChpZQnAC8h8i4ZFkBS8X5RqkDBHA7r4hej3K9A==}

  resolve@1.22.12:
    resolution: {integrity: sha512-TyeJ1zif53BPfHootBGwPRYT1RUt6oGWsaQr8UyZW/eAm9bKoijtvruSDEmZHm92CwS9nj7/fWttqPCgzep8CA==}
    engines: {node: '>= 0.4'}
    hasBin: true

  reusify@1.1.0:
    resolution: {integrity: sha512-g6QUff04oZpHs0eG5p83rFLhHeV00ug/Yf9nZM6fLeUrPguBTkTQOdpAWWspMh55TZfVQDPaN3NQJfbVRAxdIw==}
    engines: {iojs: '>=1.0.0', node: '>=0.10.0'}

  run-parallel@1.2.0:
    resolution: {integrity: sha512-5l4VyZR86LZ/lDxZTR6jqL8AFE2S0IFLMP26AbjsLVADxHdhB/c0GUsH+y39UfCi3dzz8OlQuPmnaJOMoDHQBA==}

  source-map-support@0.5.21:
    resolution: {integrity: sha512-uBHU3L3czsIyYXKX88fdrGovxdSCoTGDRZ6SYXtSRxLZUzHg5P/66Ht6uoUlHu9EZod+inXhKo3qQgwXUT/y1w==}

  source-map@0.6.1:
    resolution: {integrity: sha512-UjgapumWlbMhkBgzT7Ykc5YXUT46F0iKu8SGXq0bcwP5dz/h0Plj6enJqjz1Zbq2l5WaqYnrVbwWOWMyF3F47g==}
    engines: {node: '>=0.10.0'}

  supports-preserve-symlinks-flag@1.0.0:
    resolution: {integrity: sha512-ot0WnXS9fgdkgIcePe6RHNk1WA8+muPa6cSjeR3V8K27q9BB1rTE3R1p7Hv0z1ZyAc8s6Vvv8DIyWf681MAt0w==}
    engines: {node: '>= 0.4'}

  terser@5.16.9:
    resolution: {integrity: sha512-HPa/FdTB9XGI2H1/keLFZHxl6WNvAI4YalHGtDQTlMnJcoqSab1UwL4l1hGEhs6/GmLHBZIg/YgB++jcbzoOEg==}
    engines: {node: '>=10'}
    hasBin: true

  tiny-each-async@2.0.3:
    resolution: {integrity: sha512-5ROII7nElnAirvFn8g7H7MtpfV1daMcyfTGQwsn/x2VtyV+VPiO5CjReCJtWLvoKTDEDmZocf3cNPraiMnBXLA==}

  to-regex-range@5.0.1:
    resolution: {integrity: sha512-65P7iz6X5yEr1cwcgvQxbbIw7Uk3gOy5dIdtZ4rDveLqhrdJP+Li/Hx6tyK0NEb+2GCyneCMJiGqrADCSNk8sQ==}
    engines: {node: '>=8.0'}

  tslib@2.8.1:
    resolution: {integrity: sha512-oJFu94HQb+KVduSUQL7wnpmqnfmLsOA/nAh6b6EH0wCEoK0/mPeXU6c3wKDV83MkOuHPRHtSXKKU99IBazS/2w==}

  typescript@6.0.3:
    resolution: {integrity: sha512-y2TvuxSZPDyQakkFRPZHKFm+KKVqIisdg9/CZwm9ftvKXLP8NRWj38/ODjNbr43SsoXqNuAisEf1GdCxqWcdBw==}
    engines: {node: '>=14.17'}
    hasBin: true

  undici-types@8.3.0:
    resolution: {integrity: sha512-j375ScV60dom+YkPFIfTLcOiPxkN/buHz5GobjLhixFuANaNs3C9l4GmrWqejgXWJ7BbJcFYpTEUkS1Ge8bpZQ==}

  universalify@2.0.1:
    resolution: {integrity: sha512-gptHNQghINnc/vTGIk0SOFGFNXw7JVrlRUtConJRlvaw6DuX0wO5Jeko9sWrMBhh+PsYAZ7oXAiOnf/UKogyiw==}
    engines: {node: '>= 10.0.0'}

  urlpattern-polyfill@10.1.0:
    resolution: {integrity: sha512-IGjKp/o0NL3Bso1PymYURCJxMPNAf/ILOpendP9f5B6e1rTJgdgiOvgfoT8VxCAdY+Wisb9uhGaJJf3yZ2V9nw==}

snapshots:

  '@aws-sdk/checksums@3.1000.22':
    dependencies:
      '@aws-sdk/core': 3.977.2
      '@aws-sdk/types': 3.974.2
      '@smithy/core': 3.31.0
      '@smithy/types': 4.16.1
      tslib: 2.8.1

  '@aws-sdk/client-dynamodb@3.1097.0':
    dependencies:
      '@aws-sdk/core': 3.977.2
      '@aws-sdk/credential-provider-node': 3.972.74
      '@aws-sdk/dynamodb-codec': 3.973.37
      '@aws-sdk/middleware-endpoint-discovery': 3.972.26
      '@aws-sdk/types': 3.974.2
      '@smithy/core': 3.31.0
      '@smithy/fetch-http-handler': 5.6.12
      '@smithy/node-http-handler': 4.9.12
      '@smithy/types': 4.16.1
      tslib: 2.8.1

  '@aws-sdk/client-lambda@3.1097.0':
    dependencies:
      '@aws-sdk/core': 3.977.2
      '@aws-sdk/credential-provider-node': 3.972.74
      '@aws-sdk/types': 3.974.2
      '@smithy/core': 3.31.0
      '@smithy/fetch-http-handler': 5.6.12
      '@smithy/node-http-handler': 4.9.12
      '@smithy/types': 4.16.1
      tslib: 2.8.1

  '@aws-sdk/client-s3@3.1097.0':
    dependencies:
      '@aws-sdk/checksums': 3.1000.22
      '@aws-sdk/core': 3.977.2
      '@aws-sdk/credential-provider-node': 3.972.74
      '@aws-sdk/middleware-sdk-s3': 3.972.68
      '@aws-sdk/signature-v4-multi-region': 3.996.42
      '@aws-sdk/types': 3.974.2
      '@smithy/core': 3.31.0
      '@smithy/fetch-http-handler': 5.6.12
      '@smithy/node-http-handler': 4.9.12
      '@smithy/types': 4.16.1
      tslib: 2.8.1

  '@aws-sdk/client-sqs@3.1097.0':
    dependencies:
      '@aws-sdk/core': 3.977.2
      '@aws-sdk/credential-provider-node': 3.972.74
      '@aws-sdk/middleware-sdk-sqs': 3.972.38
      '@aws-sdk/types': 3.974.2
      '@smithy/core': 3.31.0
      '@smithy/fetch-http-handler': 5.6.12
      '@smithy/node-http-handler': 4.9.12
      '@smithy/types': 4.16.1
      tslib: 2.8.1

  '@aws-sdk/core@3.977.2':
    dependencies:
      '@aws-sdk/types': 3.974.2
      '@aws-sdk/xml-builder': 3.972.37
      '@aws/lambda-invoke-store': 0.3.0
      '@smithy/core': 3.31.0
      '@smithy/signature-v4': 5.6.11
      '@smithy/types': 4.16.1
      bowser: 2.14.1
      tslib: 2.8.1

  '@aws-sdk/credential-provider-env@3.972.63':
    dependencies:
      '@aws-sdk/core': 3.977.2
      '@aws-sdk/types': 3.974.2
      '@smithy/core': 3.31.0
      '@smithy/types': 4.16.1
      tslib: 2.8.1

  '@aws-sdk/credential-provider-http@3.972.65':
    dependencies:
      '@aws-sdk/core': 3.977.2
      '@aws-sdk/types': 3.974.2
      '@smithy/core': 3.31.0
      '@smithy/fetch-http-handler': 5.6.12
      '@smithy/node-http-handler': 4.9.12
      '@smithy/types': 4.16.1
      tslib: 2.8.1

  '@aws-sdk/credential-provider-ini@3.973.8':
    dependencies:
      '@aws-sdk/core': 3.977.2
      '@aws-sdk/credential-provider-env': 3.972.63
      '@aws-sdk/credential-provider-http': 3.972.65
      '@aws-sdk/credential-provider-login': 3.972.70
      '@aws-sdk/credential-provider-process': 3.972.63
      '@aws-sdk/credential-provider-sso': 3.973.7
      '@aws-sdk/credential-provider-web-identity': 3.972.69
      '@aws-sdk/nested-clients': 3.997.37
      '@aws-sdk/types': 3.974.2
      '@smithy/core': 3.31.0
      '@smithy/credential-provider-imds': 4.4.15
      '@smithy/types': 4.16.1
      tslib: 2.8.1

  '@aws-sdk/credential-provider-login@3.972.70':
    dependencies:
      '@aws-sdk/core': 3.977.2
      '@aws-sdk/nested-clients': 3.997.37
      '@aws-sdk/types': 3.974.2
      '@smithy/core': 3.31.0
      '@smithy/types': 4.16.1
      tslib: 2.8.1

  '@aws-sdk/credential-provider-node@3.972.74':
    dependencies:
      '@aws-sdk/credential-provider-env': 3.972.63
      '@aws-sdk/credential-provider-http': 3.972.65
      '@aws-sdk/credential-provider-ini': 3.973.8
      '@aws-sdk/credential-provider-process': 3.972.63
      '@aws-sdk/credential-provider-sso': 3.973.7
      '@aws-sdk/credential-provider-web-identity': 3.972.69
      '@aws-sdk/types': 3.974.2
      '@smithy/core': 3.31.0
      '@smithy/credential-provider-imds': 4.4.15
      '@smithy/types': 4.16.1
      tslib: 2.8.1

  '@aws-sdk/credential-provider-process@3.972.63':
    dependencies:
      '@aws-sdk/core': 3.977.2
      '@aws-sdk/types': 3.974.2
      '@smithy/core': 3.31.0
      '@smithy/types': 4.16.1
      tslib: 2.8.1

  '@aws-sdk/credential-provider-sso@3.973.7':
    dependencies:
      '@aws-sdk/core': 3.977.2
      '@aws-sdk/nested-clients': 3.997.37
      '@aws-sdk/token-providers': 3.1097.0
      '@aws-sdk/types': 3.974.2
      '@smithy/core': 3.31.0
      '@smithy/types': 4.16.1
      tslib: 2.8.1

  '@aws-sdk/credential-provider-web-identity@3.972.69':
    dependencies:
      '@aws-sdk/core': 3.977.2
      '@aws-sdk/nested-clients': 3.997.37
      '@aws-sdk/types': 3.974.2
      '@smithy/core': 3.31.0
      '@smithy/types': 4.16.1
      tslib: 2.8.1

  '@aws-sdk/dynamodb-codec@3.973.37':
    dependencies:
      '@aws-sdk/core': 3.977.2
      '@smithy/core': 3.31.0
      '@smithy/types': 4.16.1
      tslib: 2.8.1

  '@aws-sdk/endpoint-cache@3.972.9':
    dependencies:
      mnemonist: 0.38.3
      tslib: 2.8.1

  '@aws-sdk/middleware-endpoint-discovery@3.972.26':
    dependencies:
      '@aws-sdk/endpoint-cache': 3.972.9
      '@aws-sdk/types': 3.974.2
      '@smithy/core': 3.31.0
      '@smithy/types': 4.16.1
      tslib: 2.8.1

  '@aws-sdk/middleware-sdk-s3@3.972.68':
    dependencies:
      '@aws-sdk/core': 3.977.2
      '@aws-sdk/signature-v4-multi-region': 3.996.42
      '@aws-sdk/types': 3.974.2
      '@smithy/core': 3.31.0
      '@smithy/types': 4.16.1
      tslib: 2.8.1

  '@aws-sdk/middleware-sdk-sqs@3.972.38':
    dependencies:
      '@aws-sdk/types': 3.974.2
      '@smithy/core': 3.31.0
      '@smithy/types': 4.16.1
      tslib: 2.8.1

  '@aws-sdk/nested-clients@3.997.37':
    dependencies:
      '@aws-sdk/core': 3.977.2
      '@aws-sdk/signature-v4-multi-region': 3.996.42
      '@aws-sdk/types': 3.974.2
      '@smithy/core': 3.31.0
      '@smithy/fetch-http-handler': 5.6.12
      '@smithy/node-http-handler': 4.9.12
      '@smithy/types': 4.16.1
      tslib: 2.8.1

  '@aws-sdk/signature-v4-multi-region@3.996.42':
    dependencies:
      '@aws-sdk/types': 3.974.2
      '@smithy/signature-v4': 5.6.11
      '@smithy/types': 4.16.1
      tslib: 2.8.1

  '@aws-sdk/token-providers@3.1097.0':
    dependencies:
      '@aws-sdk/core': 3.977.2
      '@aws-sdk/nested-clients': 3.997.37
      '@aws-sdk/types': 3.974.2
      '@smithy/core': 3.31.0
      '@smithy/types': 4.16.1
      tslib: 2.8.1

  '@aws-sdk/types@3.974.2':
    dependencies:
      '@smithy/types': 4.16.1
      tslib: 2.8.1

  '@aws-sdk/xml-builder@3.972.37':
    dependencies:
      '@smithy/types': 4.16.1
      tslib: 2.8.1

  '@aws/lambda-invoke-store@0.3.0': {}

  '@esbuild-plugins/node-resolve@0.2.2(esbuild@0.19.2)':
    dependencies:
      '@types/resolve': 1.20.6
      debug: 4.4.0
      esbuild: 0.19.2
      escape-string-regexp: 4.0.0
      resolve: 1.22.12
    transitivePeerDependencies:
      - supports-color

  '@esbuild/android-arm64@0.19.2':
    optional: true

  '@esbuild/android-arm@0.19.2':
    optional: true

  '@esbuild/android-x64@0.19.2':
    optional: true

  '@esbuild/darwin-arm64@0.19.2':
    optional: true

  '@esbuild/darwin-x64@0.19.2':
    optional: true

  '@esbuild/freebsd-arm64@0.19.2':
    optional: true

  '@esbuild/freebsd-x64@0.19.2':
    optional: true

  '@esbuild/linux-arm64@0.19.2':
    optional: true

  '@esbuild/linux-arm@0.19.2':
    optional: true

  '@esbuild/linux-ia32@0.19.2':
    optional: true

  '@esbuild/linux-loong64@0.19.2':
    optional: true

  '@esbuild/linux-mips64el@0.19.2':
    optional: true

  '@esbuild/linux-ppc64@0.19.2':
    optional: true

  '@esbuild/linux-riscv64@0.19.2':
    optional: true

  '@esbuild/linux-s390x@0.19.2':
    optional: true

  '@esbuild/linux-x64@0.19.2':
    optional: true

  '@esbuild/netbsd-x64@0.19.2':
    optional: true

  '@esbuild/openbsd-x64@0.19.2':
    optional: true

  '@esbuild/sunos-x64@0.19.2':
    optional: true

  '@esbuild/win32-arm64@0.19.2':
    optional: true

  '@esbuild/win32-ia32@0.19.2':
    optional: true

  '@esbuild/win32-x64@0.19.2':
    optional: true

  '@jridgewell/gen-mapping@0.3.13':
    dependencies:
      '@jridgewell/sourcemap-codec': 1.5.5
      '@jridgewell/trace-mapping': 0.3.31

  '@jridgewell/resolve-uri@3.1.2': {}

  '@jridgewell/source-map@0.3.11':
    dependencies:
      '@jridgewell/gen-mapping': 0.3.13
      '@jridgewell/trace-mapping': 0.3.31

  '@jridgewell/sourcemap-codec@1.5.5': {}

  '@jridgewell/trace-mapping@0.3.31':
    dependencies:
      '@jridgewell/resolve-uri': 3.1.2
      '@jridgewell/sourcemap-codec': 1.5.5

  '@node-minify/core@8.0.6':
    dependencies:
      '@node-minify/utils': 8.0.6
      glob: 9.3.5
      mkdirp: 1.0.4

  '@node-minify/terser@8.0.6':
    dependencies:
      '@node-minify/utils': 8.0.6
      terser: 5.16.9

  '@node-minify/utils@8.0.6':
    dependencies:
      gzip-size: 6.0.0

  '@nodelib/fs.scandir@2.1.5':
    dependencies:
      '@nodelib/fs.stat': 2.0.5
      run-parallel: 1.2.0

  '@nodelib/fs.stat@2.0.5': {}

  '@nodelib/fs.walk@1.2.8':
    dependencies:
      '@nodelib/fs.scandir': 2.1.5
      fastq: 1.20.1

  '@smithy/core@3.31.0':
    dependencies:
      '@smithy/types': 4.16.1
      tslib: 2.8.1

  '@smithy/credential-provider-imds@4.4.15':
    dependencies:
      '@smithy/core': 3.31.0
      '@smithy/types': 4.16.1
      tslib: 2.8.1

  '@smithy/fetch-http-handler@5.6.12':
    dependencies:
      '@smithy/core': 3.31.0
      '@smithy/types': 4.16.1
      tslib: 2.8.1

  '@smithy/node-http-handler@4.9.12':
    dependencies:
      '@smithy/core': 3.31.0
      '@smithy/types': 4.16.1
      tslib: 2.8.1

  '@smithy/signature-v4@5.6.11':
    dependencies:
      '@smithy/core': 3.31.0
      '@smithy/types': 4.16.1
      tslib: 2.8.1

  '@smithy/types@4.16.1':
    dependencies:
      tslib: 2.8.1

  '@tsconfig/node18@1.0.3': {}

  '@types/fs-extra@11.0.4':
    dependencies:
      '@types/jsonfile': 6.1.4
      '@types/node': 26.1.1

  '@types/get-folder-size@2.0.0': {}

  '@types/jsonfile@6.1.4':
    dependencies:
      '@types/node': 26.1.1

  '@types/node@26.1.1':
    dependencies:
      undici-types: 8.3.0

  '@types/object-hash@2.2.1': {}

  '@types/resolve@1.20.6': {}

  acorn@8.18.0: {}

  aws4fetch@1.0.20: {}

  balanced-match@1.0.2: {}

  bowser@2.14.1: {}

  brace-expansion@2.1.3:
    dependencies:
      balanced-match: 1.0.2

  braces@3.0.3:
    dependencies:
      fill-range: 7.1.1

  buffer-from@1.1.2: {}

  bun-types@1.3.14:
    dependencies:
      '@types/node': 26.1.1

  chalk@5.6.2: {}

  commander@2.20.3: {}

  cup-readdir@1.1.0: {}

  debug@4.4.0:
    dependencies:
      ms: 2.1.3

  duplexer@0.1.2: {}

  es-errors@1.3.0: {}

  esbuild@0.19.2:
    optionalDependencies:
      '@esbuild/android-arm': 0.19.2
      '@esbuild/android-arm64': 0.19.2
      '@esbuild/android-x64': 0.19.2
      '@esbuild/darwin-arm64': 0.19.2
      '@esbuild/darwin-x64': 0.19.2
      '@esbuild/freebsd-arm64': 0.19.2
      '@esbuild/freebsd-x64': 0.19.2
      '@esbuild/linux-arm': 0.19.2
      '@esbuild/linux-arm64': 0.19.2
      '@esbuild/linux-ia32': 0.19.2
      '@esbuild/linux-loong64': 0.19.2
      '@esbuild/linux-mips64el': 0.19.2
      '@esbuild/linux-ppc64': 0.19.2
      '@esbuild/linux-riscv64': 0.19.2
      '@esbuild/linux-s390x': 0.19.2
      '@esbuild/linux-x64': 0.19.2
      '@esbuild/netbsd-x64': 0.19.2
      '@esbuild/openbsd-x64': 0.19.2
      '@esbuild/sunos-x64': 0.19.2
      '@esbuild/win32-arm64': 0.19.2
      '@esbuild/win32-ia32': 0.19.2
      '@esbuild/win32-x64': 0.19.2

  escape-string-regexp@4.0.0: {}

  fast-glob@3.3.3:
    dependencies:
      '@nodelib/fs.stat': 2.0.5
      '@nodelib/fs.walk': 1.2.8
      glob-parent: 5.1.2
      merge2: 1.4.1
      micromatch: 4.0.8

  fastq@1.20.1:
    dependencies:
      reusify: 1.1.0

  fill-range@7.1.1:
    dependencies:
      to-regex-range: 5.0.1

  folder-hash@4.1.3:
    dependencies:
      debug: 4.4.0
      minimatch: 7.4.9
    transitivePeerDependencies:
      - supports-color

  fs-extra@11.3.3:
    dependencies:
      graceful-fs: 4.2.11
      jsonfile: 6.2.1
      universalify: 2.0.1

  fs.realpath@1.0.0: {}

  function-bind@1.1.2: {}

  gar@1.0.4: {}

  get-folder-size@2.0.1:
    dependencies:
      gar: 1.0.4
      tiny-each-async: 2.0.3

  glob-parent@5.1.2:
    dependencies:
      is-glob: 4.0.3

  glob@9.3.5:
    dependencies:
      fs.realpath: 1.0.0
      minimatch: 8.0.7
      minipass: 4.2.8
      path-scurry: 1.11.1

  graceful-fs@4.2.11: {}

  gzip-size@6.0.0:
    dependencies:
      duplexer: 0.1.2

  hasown@2.0.4:
    dependencies:
      function-bind: 1.1.2

  ini@4.1.3: {}

  is-core-module@2.16.2:
    dependencies:
      hasown: 2.0.4

  is-extglob@2.1.1: {}

  is-glob@4.0.3:
    dependencies:
      is-extglob: 2.1.1

  is-number@7.0.0: {}

  json5@2.2.3: {}

  jsonfile@6.2.1:
    dependencies:
      universalify: 2.0.1
    optionalDependencies:
      graceful-fs: 4.2.11

  kleur@4.1.5: {}

  lru-cache@10.4.3: {}

  merge2@1.4.1: {}

  micromatch@4.0.8:
    dependencies:
      braces: 3.0.3
      picomatch: 2.3.2

  minimatch@7.4.9:
    dependencies:
      brace-expansion: 2.1.3

  minimatch@8.0.7:
    dependencies:
      brace-expansion: 2.1.3

  minipass@4.2.8: {}

  minipass@7.1.3: {}

  mkdirp@1.0.4: {}

  mnemonist@0.38.3:
    dependencies:
      obliterator: 1.6.1

  ms@2.1.3: {}

  object-hash@3.0.0: {}

  obliterator@1.6.1: {}

  open-next@3.1.3:
    dependencies:
      '@aws-sdk/client-dynamodb': 3.1097.0
      '@aws-sdk/client-lambda': 3.1097.0
      '@aws-sdk/client-s3': 3.1097.0
      '@aws-sdk/client-sqs': 3.1097.0
      '@esbuild-plugins/node-resolve': 0.2.2(esbuild@0.19.2)
      '@node-minify/core': 8.0.6
      '@node-minify/terser': 8.0.6
      '@tsconfig/node18': 1.0.3
      aws4fetch: 1.0.20
      chalk: 5.6.2
      esbuild: 0.19.2
      path-to-regexp: 6.3.0
      promise.series: 0.2.0
      urlpattern-polyfill: 10.1.0
    transitivePeerDependencies:
      - supports-color

  path-parse@1.0.7: {}

  path-scurry@1.11.1:
    dependencies:
      lru-cache: 10.4.3
      minipass: 7.1.3

  path-to-regexp@6.3.0: {}

  picomatch@2.3.2: {}

  promise.series@0.2.0: {}

  queue-microtask@1.2.3: {}

  resolve@1.22.12:
    dependencies:
      es-errors: 1.3.0
      is-core-module: 2.16.2
      path-parse: 1.0.7
      supports-preserve-symlinks-flag: 1.0.0

  reusify@1.1.0: {}

  run-parallel@1.2.0:
    dependencies:
      queue-microtask: 1.2.3

  source-map-support@0.5.21:
    dependencies:
      buffer-from: 1.1.2
      source-map: 0.6.1

  source-map@0.6.1: {}

  supports-preserve-symlinks-flag@1.0.0: {}

  terser@5.16.9:
    dependencies:
      '@jridgewell/source-map': 0.3.11
      acorn: 8.18.0
      commander: 2.20.3
      source-map-support: 0.5.21

  tiny-each-async@2.0.3: {}

  to-regex-range@5.0.1:
    dependencies:
      is-number: 7.0.0

  tslib@2.8.1: {}

  typescript@6.0.3: {}

  undici-types@8.3.0: {}

  universalify@2.0.1: {}

  urlpattern-polyfill@10.1.0: {}
