{
  "lockfileVersion": 1,
  "workspaces": {
    "": {
      "dependencies": {
        "@hono/node-server": "^1.19.6",
        "hono": "^4.10.7",
      },
    },
  },
  "packages": {
    "@hono/node-server": ["@hono/node-server@1.19.6", "", { "peerDependencies": { "hono": "^4" } }, "sha512-Shz/KjlIeAhfiuE93NDKVdZ7HdBVLQAfdbaXEaoAVO3ic9ibRSLGIQGkcBbFyuLr+7/1D5ZCINM8B+6IvXeMtw=="],

    "hono": ["hono@4.10.7", "", {}, "sha512-icXIITfw/07Q88nLSkB9aiUrd8rYzSweK681Kjo/TSggaGbOX4RRyxxm71v+3PC8C/j+4rlxGeoTRxQDkaJkUw=="],
  }
}
