lockfileVersion: '9.0'

settings:
  autoInstallPeers: false
  excludeLinksFromLockfile: false

catalogs:
  default:
    '@types/bun':
      specifier: 1.3.14
      version: 1.3.14
    '@types/node':
      specifier: 24.1.0
      version: 24.1.0
    typescript:
      specifier: 6.0.3
      version: 6.0.3

importers:

  .:
    devDependencies:
      '@aws-cdk/aws-service-spec':
        specifier: 0.1.199
        version: 0.1.199
      '@aws-cdk/service-spec-types':
        specifier: 0.0.265
        version: 0.0.265
      '@types/bun':
        specifier: 'catalog:'
        version: 1.3.14
      '@types/node':
        specifier: 'catalog:'
        version: 24.1.0
      typescript:
        specifier: 'catalog:'
        version: 6.0.3

packages:

  '@aws-cdk/aws-service-spec@0.1.199':
    resolution: {integrity: sha512-g6/7x15nVNPrexCe6rOV0h96L+7Wf2kQizZvh4JulmcwTcwiNEjJXi1UVNZFmChmNzJYsB3sMykJzB68+7i31g==}

  '@aws-cdk/service-spec-types@0.0.265':
    resolution: {integrity: sha512-dFK0jfxz4QL6KTJxRypXT9C0wxVdbcGqZJ4TSTVyh4CtmM3ssYjJc0y9wrtsVPJgyTapWRoCYglhQrTVLQMCyA==}

  '@cdklabs/tskb@0.0.4':
    resolution: {integrity: sha512-NFx1X0l7p5DyHtLLEyNeh1hPN4UN9hTkZkzFs/Mp+kFk7dpdINGmGVpCfRDjJ2DrcNSNENUmT+w8g73TvmBbTw==}

  '@types/bun@1.3.14':
    resolution: {integrity: sha512-h1hFqFVcvAvD9j9K7ZW7vd82aSA+rTdznZa+5bwvCwqSB1jmmfLcbIWhOLx1/+boy/xmjgCs/OMUL8hRJSmnPw==}

  '@types/node@24.1.0':
    resolution: {integrity: sha512-ut5FthK5moxFKH2T1CUOC6ctR67rQRvvHdFLCD2Ql6KXmMuCrjsSsRI9UsLCm9M18BMwClv4pn327UvB7eeO1w==}

  bun-types@1.3.14:
    resolution: {integrity: sha512-4N0ig0fEomHt5R0KCFWjovxow98rIoRwKolrYdCcknNwMekCXRnWEUvgu5soYV8QXtVsrUD8B95MBOZGPvr6KQ==}

  typescript@6.0.3:
    resolution: {integrity: sha512-y2TvuxSZPDyQakkFRPZHKFm+KKVqIisdg9/CZwm9ftvKXLP8NRWj38/ODjNbr43SsoXqNuAisEf1GdCxqWcdBw==}
    engines: {node: '>=14.17'}
    hasBin: true

  undici-types@7.8.0:
    resolution: {integrity: sha512-9UJ2xGDvQ43tYyVMpuHlsgApydB8ZKfVYTsLDhXkFL/6gfkp+U8xTGdh8pMJv1SpZna0zxG1DwsKZsreLbXBxw==}

snapshots:

  '@aws-cdk/aws-service-spec@0.1.199':
    dependencies:
      '@aws-cdk/service-spec-types': 0.0.265
      '@cdklabs/tskb': 0.0.4

  '@aws-cdk/service-spec-types@0.0.265':
    dependencies:
      '@cdklabs/tskb': 0.0.4

  '@cdklabs/tskb@0.0.4': {}

  '@types/bun@1.3.14':
    dependencies:
      bun-types: 1.3.14

  '@types/node@24.1.0':
    dependencies:
      undici-types: 7.8.0

  bun-types@1.3.14:
    dependencies:
      '@types/node': 24.1.0

  typescript@6.0.3: {}

  undici-types@7.8.0: {}
