lockfileVersion: '9.0'

settings:
  autoInstallPeers: false
  excludeLinksFromLockfile: false

catalogs:
  default:
    '@types/bun':
      specifier: 1.4.0
      version: 1.4.0
    '@types/node':
      specifier: 26.4.0
      version: 26.4.0
    typescript:
      specifier: 6.0.3
      version: 6.0.3

importers:

  .:
    dependencies:
      '@aws-sdk/client-acm':
        specifier: 3.1121.0
        version: 3.1121.0
      '@aws-sdk/client-apigatewayv2':
        specifier: 3.1121.0
        version: 3.1121.0
      '@aws-sdk/client-auto-scaling':
        specifier: 3.1121.0
        version: 3.1121.0
      '@aws-sdk/client-budgets':
        specifier: 3.1121.0
        version: 3.1121.0
      '@aws-sdk/client-cloudformation':
        specifier: 3.1121.0
        version: 3.1121.0
      '@aws-sdk/client-cloudfront':
        specifier: 3.1121.0
        version: 3.1121.0
      '@aws-sdk/client-cloudwatch':
        specifier: 3.1121.0
        version: 3.1121.0
      '@aws-sdk/client-cloudwatch-logs':
        specifier: 3.1121.0
        version: 3.1121.0
      '@aws-sdk/client-codedeploy':
        specifier: 3.1121.0
        version: 3.1121.0
      '@aws-sdk/client-cognito-identity-provider':
        specifier: 3.1121.0
        version: 3.1121.0
      '@aws-sdk/client-cost-explorer':
        specifier: 3.1121.0
        version: 3.1121.0
      '@aws-sdk/client-dynamodb':
        specifier: 3.1121.0
        version: 3.1121.0
      '@aws-sdk/client-ec2':
        specifier: 3.1121.0
        version: 3.1121.0
      '@aws-sdk/client-ecr':
        specifier: 3.1121.0
        version: 3.1121.0
      '@aws-sdk/client-ecs':
        specifier: 3.1121.0
        version: 3.1121.0
      '@aws-sdk/client-elastic-load-balancing-v2':
        specifier: 3.1121.0
        version: 3.1121.0
      '@aws-sdk/client-eventbridge':
        specifier: 3.1121.0
        version: 3.1121.0
      '@aws-sdk/client-firehose':
        specifier: 3.1121.0
        version: 3.1121.0
      '@aws-sdk/client-iam':
        specifier: 3.1121.0
        version: 3.1121.0
      '@aws-sdk/client-kinesis':
        specifier: 3.1121.0
        version: 3.1121.0
      '@aws-sdk/client-lambda':
        specifier: 3.1121.0
        version: 3.1121.0
      '@aws-sdk/client-opensearch':
        specifier: 3.1121.0
        version: 3.1121.0
      '@aws-sdk/client-rds':
        specifier: 3.1121.0
        version: 3.1121.0
      '@aws-sdk/client-route-53':
        specifier: 3.1121.0
        version: 3.1121.0
      '@aws-sdk/client-s3':
        specifier: 3.1121.0
        version: 3.1121.0
      '@aws-sdk/client-secrets-manager':
        specifier: 3.1121.0
        version: 3.1121.0
      '@aws-sdk/client-servicediscovery':
        specifier: 3.1121.0
        version: 3.1121.0
      '@aws-sdk/client-ses':
        specifier: 3.1121.0
        version: 3.1121.0
      '@aws-sdk/client-sesv2':
        specifier: 3.1121.0
        version: 3.1121.0
      '@aws-sdk/client-sfn':
        specifier: 3.1121.0
        version: 3.1121.0
      '@aws-sdk/client-sns':
        specifier: 3.1121.0
        version: 3.1121.0
      '@aws-sdk/client-sqs':
        specifier: 3.1121.0
        version: 3.1121.0
      '@aws-sdk/client-ssm':
        specifier: 3.1121.0
        version: 3.1121.0
      '@aws-sdk/client-sts':
        specifier: 3.1121.0
        version: 3.1121.0
      '@aws-sdk/client-synthetics':
        specifier: 3.1121.0
        version: 3.1121.0
      '@aws-sdk/client-wafv2':
        specifier: 3.1121.0
        version: 3.1121.0
      '@aws-sdk/client-xray':
        specifier: 3.1121.0
        version: 3.1121.0
      '@aws-sdk/types':
        specifier: 3.974.5
        version: 3.974.5
    devDependencies:
      '@types/bun':
        specifier: 'catalog:'
        version: 1.4.0
      '@types/node':
        specifier: 'catalog:'
        version: 26.4.0
      typescript:
        specifier: 'catalog:'
        version: 6.0.3

packages:

  '@aws-sdk/checksums@3.1001.0':
    resolution: {integrity: sha512-6uTniZc87q+B5eXouGTl+7Tmc482rEeCcvxpsvREP8EfF0gvloRZ41UOA9sbSJlyy8TbqIBXb3kKfKarEArUQA==}
    engines: {node: '>=20.0.0'}

  '@aws-sdk/client-acm@3.1121.0':
    resolution: {integrity: sha512-kwsLA45wirlSb+B6Kp7QNBjiu3ftzYp33lWLorOKFtfG1fALK0QMkY2S1o+dRMRhCFbl4pD62hfekdqAn347yg==}
    engines: {node: '>=20.0.0'}

  '@aws-sdk/client-apigatewayv2@3.1121.0':
    resolution: {integrity: sha512-XEStLFWzRHIYk/rmctDhUZT0/GsZXWMUo0SxRw682ZiHZMK4t0C5/UapfP6Fs+5pOJxh/obfVMv6WDns6Hgh6Q==}
    engines: {node: '>=20.0.0'}

  '@aws-sdk/client-auto-scaling@3.1121.0':
    resolution: {integrity: sha512-qfeIc/eYHSeXl5w1XAd61+fA5TqUHXbgLm3AP9/EXdG+zMdP1BrCxZtqA9WZExv3OLJ8L49vlemNK8kBgs7F0g==}
    engines: {node: '>=20.0.0'}

  '@aws-sdk/client-budgets@3.1121.0':
    resolution: {integrity: sha512-amLg0ptKbwwBPPBlryqztCpGOrWHWDB+dSa+VbFsfpGyNPGi4HEdvGeQrVzUZ2uUUjOlcr8+K4N/3a47gv+dow==}
    engines: {node: '>=20.0.0'}

  '@aws-sdk/client-cloudformation@3.1121.0':
    resolution: {integrity: sha512-Bgq3DGWqogGuz30RYf1x4Ibty5SbPI2d+E7D6A+hJtlQ+x/H98tP8/RWuV7AWfo49vSDJh20cVoABPsIxPqJoQ==}
    engines: {node: '>=20.0.0'}

  '@aws-sdk/client-cloudfront@3.1121.0':
    resolution: {integrity: sha512-1DHMG7gmnqVqxkXPjTU5YNlZ0xy4AnzVGSHQ6zihHb1AAqy41SwgsfQrQo2OrbKzXkAak6v0eCzkN9tUM08JZA==}
    engines: {node: '>=20.0.0'}

  '@aws-sdk/client-cloudwatch-logs@3.1121.0':
    resolution: {integrity: sha512-2xaDI2U9RjeFZIP6uPelWDN5HPJMtPx3jMTjvFb0HTL27KjuZcaAsiFtOBy9CuVz6vM++UbN6NGB/AoepYtMWQ==}
    engines: {node: '>=20.0.0'}

  '@aws-sdk/client-cloudwatch@3.1121.0':
    resolution: {integrity: sha512-a4CqmVkrw/2IeG+vUHgndDsrcrLVwc0fIqW5r6y50GBEQELS3ngcnrF3WwBruzfaCCpNkE9+5iyeA4eNvqcqcA==}
    engines: {node: '>=20.0.0'}

  '@aws-sdk/client-codedeploy@3.1121.0':
    resolution: {integrity: sha512-S8L7kV6Ni5nnqMTocf41rUQGwiOWGl30eVNmGYnvHPBatTB0+5aUDX25plrKlEYTTisyDFzpyNX9R6VLE8A63g==}
    engines: {node: '>=20.0.0'}

  '@aws-sdk/client-cognito-identity-provider@3.1121.0':
    resolution: {integrity: sha512-9yFnyfFNMC48n5Sjsjuo2OfRoWl8kU3hs99u02zft3ft7b2JMRvM1w9+vJl4UIaknyj6L3DnBN76NnXzEnVNJA==}
    engines: {node: '>=20.0.0'}

  '@aws-sdk/client-cost-explorer@3.1121.0':
    resolution: {integrity: sha512-NFxtm7dGB0e/WVPrI+VlTMq9ti/W3OeFh6xNl76citIPrVUK3BpzX+2WW32Ota/vR6IHzxI3cejYAKDTgJ+RQQ==}
    engines: {node: '>=20.0.0'}

  '@aws-sdk/client-dynamodb@3.1121.0':
    resolution: {integrity: sha512-q8s4cKsn0TdQ+QByWEUeajZMFrmF2GzDovrlfWMA7Pv3GfG5sADjbWAZxJXA9JsLGb4QT5ovTpOdArNqjbojZw==}
    engines: {node: '>=20.0.0'}

  '@aws-sdk/client-ec2@3.1121.0':
    resolution: {integrity: sha512-PsQU07vGnc8OQFJHFSpjc3PnXxinlYPGAkt0bxuPIDpfCrHdd8dpVO+JKQD90cRb/SdLiGw7ctkV3Sd9SN5LQw==}
    engines: {node: '>=20.0.0'}

  '@aws-sdk/client-ecr@3.1121.0':
    resolution: {integrity: sha512-XuncSMLHCqE0NUgXcLJroY1zjrwc1bbwl2Q9iaFAEGd3GMYQg2WRX0s9Jna55D1sf0dCTKslfeIksxQo9P55Mw==}
    engines: {node: '>=20.0.0'}

  '@aws-sdk/client-ecs@3.1121.0':
    resolution: {integrity: sha512-E96+8fYusZUrj/2lLvvZ1Gv3f1wjTLLHR3V6RNG4I2m3MbWYLM2M9Rsr6QSUZn3nlTeDWJCnuJ5SGGOWkjCaMg==}
    engines: {node: '>=20.0.0'}

  '@aws-sdk/client-elastic-load-balancing-v2@3.1121.0':
    resolution: {integrity: sha512-HBIjw1SfEwEAplkJRPFthxtj2g8dD0fJGFdqTjoLgUckfcNRK75ZNVnpsjGOFeiH+BicXnQqonNhuzBz5tWncQ==}
    engines: {node: '>=20.0.0'}

  '@aws-sdk/client-eventbridge@3.1121.0':
    resolution: {integrity: sha512-+zT6z91ZxHozsKGWf5wOJfxEebht3GmPBoXedlWoumHeAvzAueM1KwbWkzClLWjpi76HXuCIx7R3x4pvSVGqIw==}
    engines: {node: '>=20.0.0'}

  '@aws-sdk/client-firehose@3.1121.0':
    resolution: {integrity: sha512-y5UWX64z8yGU52l/Kupx3ZCqMwueMKtf26iqnKkUxCbIkY9Mg9hi3VoyKwctA0tm0blznImFlRs4RlSNm0iPng==}
    engines: {node: '>=20.0.0'}

  '@aws-sdk/client-iam@3.1121.0':
    resolution: {integrity: sha512-FeIx8+zXeGMlrm6TcAoc/GMf7KwAAo2ntdyiOUgR3Xmc4JndKBDpWLJ5jdtpcxLC5chD7xMExtyoJSj1RfUSqg==}
    engines: {node: '>=20.0.0'}

  '@aws-sdk/client-kinesis@3.1121.0':
    resolution: {integrity: sha512-GMHPfFHRc2VNKrP1/psLusVXniQx2craZ6a8HhxAtQp/3DXnGGdZ+ZreCjotZJ0pAQx3LjxjfyVTKmkqkEPpYg==}
    engines: {node: '>=20.0.0'}

  '@aws-sdk/client-lambda@3.1121.0':
    resolution: {integrity: sha512-usBd5zr+q3UuLEY+eHi4pCZbuhgb0xsSvRF9sFW9e5l9cFi6UIk9+cYVrJgM2EMRHqe/tbdC/QXBQ/nQDYHmnQ==}
    engines: {node: '>=20.0.0'}

  '@aws-sdk/client-opensearch@3.1121.0':
    resolution: {integrity: sha512-HSw2zlX838K/mHVxJf9oxPj9/61jPLu/QIBeVmQUOF4QVe6tdBKCXh2a8yXeCmLTNWMVcejCqJbUy7UZz3WN7A==}
    engines: {node: '>=20.0.0'}

  '@aws-sdk/client-rds@3.1121.0':
    resolution: {integrity: sha512-Dkfw2sSyyFetSok5ipEOke93tqlnmNY3ouZz4Vg7YLaEUbhp9dUgNOne1Ln5ajL0hXwVRSKh+GVw4OkLMpHTfw==}
    engines: {node: '>=20.0.0'}

  '@aws-sdk/client-route-53@3.1121.0':
    resolution: {integrity: sha512-W8bDyghNaIOuvfUPwUuTg3dUCzxD5fqtxCf7G2yEOxXICIbM0e7jal2pULHdE8hsj5YnrZxdeuFArlJdHzGksw==}
    engines: {node: '>=20.0.0'}

  '@aws-sdk/client-s3@3.1121.0':
    resolution: {integrity: sha512-hBnoqaVBeWdkgXcJElMXA2yUZWkBCBntu2qmN+tfqmzC+j4LzJC3ox8qIgS2WdMS1cb8UwyBogUVrkRXybNm0A==}
    engines: {node: '>=20.0.0'}

  '@aws-sdk/client-secrets-manager@3.1121.0':
    resolution: {integrity: sha512-kx66Imv5DomVdd5uwai10Dhf0zZg9Z3EODxJCYRGjmaD0GR08GkvuIPPIqE+ZmpHANCWbur9UKpgyXGJzk60pg==}
    engines: {node: '>=20.0.0'}

  '@aws-sdk/client-servicediscovery@3.1121.0':
    resolution: {integrity: sha512-ebeMVMLsr1WF9EFlJoBtaWFCstBplMLwjYudKBNmcpmtPa0kZYMVUlaTWlIUMNZi81zrYnLhJxpuaJRIh4aopQ==}
    engines: {node: '>=20.0.0'}

  '@aws-sdk/client-ses@3.1121.0':
    resolution: {integrity: sha512-+kmlM47SEmkfOAKoj6K5CfutyjhfFwvCbpstZuKrwn3YIAUcvYWAOXHSIlW5bJZl3wcu/ExMeOMhAPjFymOzIA==}
    engines: {node: '>=20.0.0'}

  '@aws-sdk/client-sesv2@3.1121.0':
    resolution: {integrity: sha512-Vk7tHo7TPBlR5MmvpfR4XXNL5uld/5uWHNBceUArtQrzhwNaxt/5ANp45JETZfLH9VDoaX3bTmoHeSMOWc0Ldg==}
    engines: {node: '>=20.0.0'}

  '@aws-sdk/client-sfn@3.1121.0':
    resolution: {integrity: sha512-BdTkxkQgB3vCwHdWci+Bfk7Juvb50GCOVzrhn8uDXQS6XXoncSI+5Arf7naI808xPHqgnxmGv7UNbdtjSfoMQg==}
    engines: {node: '>=20.0.0'}

  '@aws-sdk/client-sns@3.1121.0':
    resolution: {integrity: sha512-/MMC9YNR9YMvCw+l3rvFxFcxIAl7+AbyQa5PNmZsSsyDNJoLVsVdR54D0Fx1ZxVb3QVz/M92WT1iK3NFmuRZ7g==}
    engines: {node: '>=20.0.0'}

  '@aws-sdk/client-sqs@3.1121.0':
    resolution: {integrity: sha512-T9NYR8Gcs30TUMbwf4QS2UyLMFheps3Kqgr//t1XfpIqgkpuBNkSiXa5LunlJL3MCTDT0bL01PkuhdHcXBwuVg==}
    engines: {node: '>=20.0.0'}

  '@aws-sdk/client-ssm@3.1121.0':
    resolution: {integrity: sha512-NZejFZ6NIdHqz1v27W9WLUY1vSgJq7u3FfJeEfK0Us1J2QHQIBn79jenEUGu1RcITKs8RH716vEhoi3IGTaT2Q==}
    engines: {node: '>=20.0.0'}

  '@aws-sdk/client-sts@3.1121.0':
    resolution: {integrity: sha512-wpsgstPgWUgCKk4WFP5qjfg/zWgpmbKEjRBPz5Ydw5jawdd7pDBtH7VrhiJyMSS48PN2c7n8KfkwTRx/20Cs7Q==}
    engines: {node: '>=20.0.0'}

  '@aws-sdk/client-synthetics@3.1121.0':
    resolution: {integrity: sha512-LX2rSdAbzz3OsCCsBfdBz8ac+5rV4jI7P4zjgvUVzRXsy00llD4TJhaihWFVnWR3WQVwaGLHlXtMjg/CHKkxdQ==}
    engines: {node: '>=20.0.0'}

  '@aws-sdk/client-wafv2@3.1121.0':
    resolution: {integrity: sha512-0IjgBcVlXyFe+tIfGM8Y673ZIazXBxWZLUUDevsTKlQmBybC1ohOy8/qJrSliHYpj9fJbKdyHw+tC+zE9Txm9w==}
    engines: {node: '>=20.0.0'}

  '@aws-sdk/client-xray@3.1121.0':
    resolution: {integrity: sha512-Fok3pBMqwQJKAmXsSD0Z5Owr3ngbRvmOeoygqeZZlCtKQEtm5c5jwgKQjw/M4/vzFrru5KFbIGtFhT+K29rRMw==}
    engines: {node: '>=20.0.0'}

  '@aws-sdk/core@3.978.0':
    resolution: {integrity: sha512-2yX9LUmxPklVjSGTb8dfnWRJSiFQ3TeH2nn7G1mdKHTfnabzF0+gfrS8rYfLWmZrQ8A3mEcxMJjRc51dL5KWaA==}
    engines: {node: '>=20.0.0'}

  '@aws-sdk/credential-provider-env@3.972.71':
    resolution: {integrity: sha512-JN+JHruYZw3GUZB8YGAlDk4wTDPOEAEEdEzj5nS0xodWR4smzHsN7PnK2j6IeOsDIj2aqua5DSbhXl9Gtf90FQ==}
    engines: {node: '>=20.0.0'}

  '@aws-sdk/credential-provider-http@3.972.73':
    resolution: {integrity: sha512-uyYYnJOnlis8uQzaYGPd7N1JoioCoNpXgnkXYixsWJXHXgXyYi8WXJSDfofxJeWfQIGWLe2Nwyq60Uc7MZdVOg==}
    engines: {node: '>=20.0.0'}

  '@aws-sdk/credential-provider-ini@3.973.16':
    resolution: {integrity: sha512-i++ly+0Uxa+u3ebSSyr0S/3CFhFJDxCXT3+Zj+mW2bXenEx5bKGCdTIKFu39SgXBNhWDjex/8cXUx9MUTMCrTw==}
    engines: {node: '>=20.0.0'}

  '@aws-sdk/credential-provider-login@3.972.78':
    resolution: {integrity: sha512-eUtswnXu0+Ii9ieRK+0L7aPFV3Z/dnW2VntJzjBP9xs8s+8p5nBNuymIXtXwZ+5r5+XJP3e32nMkuZ/r0HozEA==}
    engines: {node: '>=20.0.0'}

  '@aws-sdk/credential-provider-node@3.972.83':
    resolution: {integrity: sha512-jdso7ejzfRnatxMUZK4S/U6KbaDPCvfIV4XL+IQAPFDBt5rj5Fq595euqlK8Le4lNCMFR9oUpt+1l0aMgaayOQ==}
    engines: {node: '>=20.0.0'}

  '@aws-sdk/credential-provider-process@3.972.71':
    resolution: {integrity: sha512-lYmXJa4gvq4xN1lrT5NiP5vIYYKcGWAdj8y+8o6dlcateB5eF3Dn8DtmjjHKfMBrTPAMr2pebIiX/UOj8c1/UA==}
    engines: {node: '>=20.0.0'}

  '@aws-sdk/credential-provider-sso@3.973.15':
    resolution: {integrity: sha512-6Jhcf4v0pSFdjk1EW2kvzuEBKD+UZ2uNcHUIglKKLndD20YhvkL2kdmDOV5/j4mYuWWwe/a1FQ1aomU86/Cg5Q==}
    engines: {node: '>=20.0.0'}

  '@aws-sdk/credential-provider-web-identity@3.972.77':
    resolution: {integrity: sha512-uylIQSUWpfLuH2LovxEEfwzJGM/SabLOfLMg6YXu/E8jJEKUdpdILCVCQCdFvHyu/7dLJOHPMfrSwduxO56NkQ==}
    engines: {node: '>=20.0.0'}

  '@aws-sdk/dynamodb-codec@3.973.45':
    resolution: {integrity: sha512-WMnbfe3igJy14RRzEnLDW9G2V0WbrXdnp2UYAGYJIgbB1wR33bBle0dmbVnejs6sHJWfP2N1cAAx/QxXnoyK8w==}
    engines: {node: '>=20.0.0'}

  '@aws-sdk/endpoint-cache@3.972.11':
    resolution: {integrity: sha512-8q1ICxcDjHId3bBryuu/j+1L9y5/3uQnwzLDt5j2ElcjZSoWmFtymdJy7OjLrluSMe0Z4mq5bcH4fxBXvlEHfw==}
    engines: {node: '>=20.0.0'}

  '@aws-sdk/middleware-endpoint-discovery@3.972.30':
    resolution: {integrity: sha512-0hmD7/NG2NoVOVHvUb6rtY5POQYr+/9gdHvrYhIBA1zmCqKOBd5Gz3dL+iZ15FHOJbs/5kLplGoePc8PHTlzYA==}
    engines: {node: '>=20.0.0'}

  '@aws-sdk/middleware-sdk-ec2@3.972.59':
    resolution: {integrity: sha512-BJLwpH+l4ZpzEhMzigwR35Ox24a41oOm70b92pwbF2Pq5n9IPBZhqiN5WyF7XH9zoJwc9wsDmC1wC7rlz8idBg==}
    engines: {node: '>=20.0.0'}

  '@aws-sdk/middleware-sdk-rds@3.972.59':
    resolution: {integrity: sha512-doexDWIfVvd8wB9a4GnDomxqqtq20N/198jd8dSG6t9jJMEAN0p5lJE5RPofWVJhzCCdmbUz1yzHWTBDTEOfsA==}
    engines: {node: '>=20.0.0'}

  '@aws-sdk/middleware-sdk-route53@3.972.26':
    resolution: {integrity: sha512-XFUh38GzLnt33fxZcWfdcpUz7gsV7WJVtFA41IDrocSefDjKq/rjsvjwOhX/WTXBDDQlMS7bKav7E7SHEfIPQQ==}
    engines: {node: '>=20.0.0'}

  '@aws-sdk/middleware-sdk-s3@3.972.76':
    resolution: {integrity: sha512-NfnTkVUTBKTBuBgqaapFK9r3YdkKt1b2oRvgLzZq91bwNKh6ZS0S7sEcheguttREaL4iyfs/xQnqD7Z7AsWSsA==}
    engines: {node: '>=20.0.0'}

  '@aws-sdk/middleware-sdk-sqs@3.972.42':
    resolution: {integrity: sha512-D/O6iHAqlm0b430vIGewanSsr5RzaWbSDFlHYdKLWlZb4kaMKBmb44ReNHAFEKj5tNRY8pysw0qfciosB/VcJg==}
    engines: {node: '>=20.0.0'}

  '@aws-sdk/nested-clients@3.997.45':
    resolution: {integrity: sha512-mooq9Q+jLa18VoM7HouczmslZU60iiB0aKc/Ztnq/luIL1ud0z4DnYprLR/ZO1gp331S9tJctM1HZr7u6YKBXQ==}
    engines: {node: '>=20.0.0'}

  '@aws-sdk/signature-v4-multi-region@3.996.46':
    resolution: {integrity: sha512-L+2xZTye/2T96f3lwCws0Zw6GG2JHZW9e8FpVgGBeeExSKyeoZ6CWRpBml/7DNiK/O26jrgPM9F+Ay8VkgzUWQ==}
    engines: {node: '>=20.0.0'}

  '@aws-sdk/token-providers@3.1129.0':
    resolution: {integrity: sha512-Sbl3rpzQdsG4ZK2zh0JWUYyZPKKorJlVOddA2T0DVbKJFrsW8J6wgnslxxUH04+WaBMr4A1HzJZvZX0xUvkniA==}
    engines: {node: '>=20.0.0'}

  '@aws-sdk/types@3.974.5':
    resolution: {integrity: sha512-LkwLL2BLbC6wNNm4JaH9mbEqBMdOZCct6VAYqhdN4U1xrWM+fUJQEfbHwQgDypapOWTRtlk25akb5afM0P8CIQ==}
    engines: {node: '>=20.0.0'}

  '@aws-sdk/xml-builder@3.972.41':
    resolution: {integrity: sha512-ctjVSyCMegrWfXlx6VqzSBFI6UqmQ5ZlnfMhdLIiWmhoH8UAQxSCP5N3OpG7X3k4LnS7ou74C4mt20+bfTW2aQ==}
    engines: {node: '>=20.0.0'}

  '@aws/lambda-invoke-store@0.3.0':
    resolution: {integrity: sha512-sl4Bm6yiMNYrZKkqqDFWN0UfnWhlS8ivKxrYl+6t0gCLrqr8y3B2IqZZbFRkfaVVp7C/baApyh71P+LeE1A2sQ==}
    engines: {node: '>=18.0.0'}

  '@smithy/core@3.34.1':
    resolution: {integrity: sha512-dLcOUxz8YCv1RZUMKq6GbyUf95pLbrqh34bPvpCZ1+CByFF31BEAFewZjsGCnVsZTKdThNENfGyAgk2TJqVwSw==}
    engines: {node: '>=18.0.0'}

  '@smithy/credential-provider-imds@4.5.2':
    resolution: {integrity: sha512-A9uSdn72ozbRUSit0eib0TW7nXuNPlaeM0zcGkJ+nE6tFcSDbnmtwoxbTCFBukVQcszDAyvsd7+rTduPTXpygg==}
    engines: {node: '>=18.0.0'}

  '@smithy/fetch-http-handler@5.8.0':
    resolution: {integrity: sha512-ycSJu3tFAQ4v04CBB0agqFMVsSQ1iG3yw+SpgxRqKfaURpQD4CZ8Wn0zPMmSnOuTpTh65Vz+EA0rMrw089wvkA==}
    engines: {node: '>=18.0.0'}

  '@smithy/middleware-compression@4.6.2':
    resolution: {integrity: sha512-Q9d+luiRjyHT6kCL/9NyGpdZJgodh4vtvfHC6H8SqoVKrV2k9RoyI9/IloVfdCYks3/2DIi7BsYYLcda5KZS0A==}
    engines: {node: '>=18.0.0'}

  '@smithy/node-http-handler@4.12.1':
    resolution: {integrity: sha512-ThMkboGeONWXAelq9FvGsuJC4rOi+qyC4/zhUF58xYpxUg5sQKx2VXZYJmtNjr4dSuBJ1HeJXETQILCz3wOHvw==}
    engines: {node: '>=18.0.0'}

  '@smithy/signature-v4@5.7.3':
    resolution: {integrity: sha512-7ImGm+FkHRLcBaRttIAMZ6bzJZWb2cJGoYjq46F2UjycujWzrL9GEN9h4w7eQyXJYnltrUhxbbieBAIRrdqpow==}
    engines: {node: '>=18.0.0'}

  '@smithy/types@4.18.0':
    resolution: {integrity: sha512-CgB6HHWer/vrKps24ulRIbpcpb7K4xAU7SkZ7YHzBPlwHsvsrCJFEXK421s+cJzX+ZrqtA/TuU5w1HzI7k9N8A==}
    engines: {node: '>=18.0.0'}

  '@smithy/types@4.19.0':
    resolution: {integrity: sha512-r7jh49VJxGerfAcTQA6gXcKc+98zOp/tqRwzYjgOE+iSQsP6cEU1hq2QzbuipmP68QtYdY9wKEhiCQZIzHgZ4Q==}
    engines: {node: '>=18.0.0'}

  '@types/bun@1.4.0':
    resolution: {integrity: sha512-K+lZULY23vRgK/CfTjFIV+tyifaNdSMlPh9j+6mQ/cLfpOznLyAuzgV/JQysyECpkBQLVMSyvjlr2fBUSA9wFQ==}

  '@types/node@26.4.0':
    resolution: {integrity: sha512-faiGnoIrLH/V8cibOMEAZ8pMw6oXqSukl29ra4mN8GdaB2ZewzeaLj+INpV5N+Z1eKWzY+IzaIZH2EIR6YZRNQ==}

  bowser@2.14.1:
    resolution: {integrity: sha512-tzPjzCxygAKWFOJP011oxFHs57HzIhOEracIgAePE4pqB3LikALKnSzUyU4MGs9/iCEUuHlAJTjTc5M+u7YEGg==}

  bun-types@1.4.0:
    resolution: {integrity: sha512-iIKw23BspnQQYd3prITOBxeUsxBHnwzX6YJfGMuNOZzeNcMmVqzIIVGRm1l69ogaPQmb4wB6BN8mA5bE9YuC5Q==}

  fflate@0.8.3:
    resolution: {integrity: sha512-tbZNuJrLwGUp3zshBtdy4W+ORxZuIh8a5ilyIEQDC5rY1f3U20JMry0Ll3WBzU58EZKsEuJFXhb5gwv8CsPvgA==}

  mnemonist@0.38.3:
    resolution: {integrity: sha512-2K9QYubXx/NAjv4VLq1d1Ly8pWNC5L3BrixtdkyTegXWJIqY+zLNDhhX/A+ZwWt70tB1S8H4BE8FLYEFyNoOBw==}

  obliterator@1.6.1:
    resolution: {integrity: sha512-9WXswnqINnnhOG/5SLimUlzuU1hFJUc8zkwyD59Sd+dPOMf05PmnYG/d6Q7HZ+KmgkZJa1PxRso6QdM3sTNHig==}

  tslib@2.8.1:
    resolution: {integrity: sha512-oJFu94HQb+KVduSUQL7wnpmqnfmLsOA/nAh6b6EH0wCEoK0/mPeXU6c3wKDV83MkOuHPRHtSXKKU99IBazS/2w==}

  typescript@6.0.3:
    resolution: {integrity: sha512-y2TvuxSZPDyQakkFRPZHKFm+KKVqIisdg9/CZwm9ftvKXLP8NRWj38/ODjNbr43SsoXqNuAisEf1GdCxqWcdBw==}
    engines: {node: '>=14.17'}
    hasBin: true

  undici-types@8.3.0:
    resolution: {integrity: sha512-j375ScV60dom+YkPFIfTLcOiPxkN/buHz5GobjLhixFuANaNs3C9l4GmrWqejgXWJ7BbJcFYpTEUkS1Ge8bpZQ==}

snapshots:

  '@aws-sdk/checksums@3.1001.0':
    dependencies:
      '@aws-sdk/core': 3.978.0
      '@aws-sdk/types': 3.974.5
      '@smithy/core': 3.34.1
      '@smithy/types': 4.18.0
      tslib: 2.8.1

  '@aws-sdk/client-acm@3.1121.0':
    dependencies:
      '@aws-sdk/core': 3.978.0
      '@aws-sdk/credential-provider-node': 3.972.83
      '@aws-sdk/types': 3.974.5
      '@smithy/core': 3.34.1
      '@smithy/fetch-http-handler': 5.8.0
      '@smithy/node-http-handler': 4.12.1
      '@smithy/types': 4.18.0
      tslib: 2.8.1

  '@aws-sdk/client-apigatewayv2@3.1121.0':
    dependencies:
      '@aws-sdk/core': 3.978.0
      '@aws-sdk/credential-provider-node': 3.972.83
      '@aws-sdk/types': 3.974.5
      '@smithy/core': 3.34.1
      '@smithy/fetch-http-handler': 5.8.0
      '@smithy/node-http-handler': 4.12.1
      '@smithy/types': 4.18.0
      tslib: 2.8.1

  '@aws-sdk/client-auto-scaling@3.1121.0':
    dependencies:
      '@aws-sdk/core': 3.978.0
      '@aws-sdk/credential-provider-node': 3.972.83
      '@aws-sdk/types': 3.974.5
      '@smithy/core': 3.34.1
      '@smithy/fetch-http-handler': 5.8.0
      '@smithy/node-http-handler': 4.12.1
      '@smithy/types': 4.18.0
      tslib: 2.8.1

  '@aws-sdk/client-budgets@3.1121.0':
    dependencies:
      '@aws-sdk/core': 3.978.0
      '@aws-sdk/credential-provider-node': 3.972.83
      '@aws-sdk/types': 3.974.5
      '@smithy/core': 3.34.1
      '@smithy/fetch-http-handler': 5.8.0
      '@smithy/node-http-handler': 4.12.1
      '@smithy/types': 4.18.0
      tslib: 2.8.1

  '@aws-sdk/client-cloudformation@3.1121.0':
    dependencies:
      '@aws-sdk/core': 3.978.0
      '@aws-sdk/credential-provider-node': 3.972.83
      '@aws-sdk/types': 3.974.5
      '@smithy/core': 3.34.1
      '@smithy/fetch-http-handler': 5.8.0
      '@smithy/node-http-handler': 4.12.1
      '@smithy/types': 4.18.0
      tslib: 2.8.1

  '@aws-sdk/client-cloudfront@3.1121.0':
    dependencies:
      '@aws-sdk/core': 3.978.0
      '@aws-sdk/credential-provider-node': 3.972.83
      '@aws-sdk/types': 3.974.5
      '@smithy/core': 3.34.1
      '@smithy/fetch-http-handler': 5.8.0
      '@smithy/node-http-handler': 4.12.1
      '@smithy/types': 4.18.0
      tslib: 2.8.1

  '@aws-sdk/client-cloudwatch-logs@3.1121.0':
    dependencies:
      '@aws-sdk/core': 3.978.0
      '@aws-sdk/credential-provider-node': 3.972.83
      '@aws-sdk/types': 3.974.5
      '@smithy/core': 3.34.1
      '@smithy/fetch-http-handler': 5.8.0
      '@smithy/node-http-handler': 4.12.1
      '@smithy/types': 4.18.0
      tslib: 2.8.1

  '@aws-sdk/client-cloudwatch@3.1121.0':
    dependencies:
      '@aws-sdk/core': 3.978.0
      '@aws-sdk/credential-provider-node': 3.972.83
      '@aws-sdk/types': 3.974.5
      '@smithy/core': 3.34.1
      '@smithy/fetch-http-handler': 5.8.0
      '@smithy/middleware-compression': 4.6.2
      '@smithy/node-http-handler': 4.12.1
      '@smithy/types': 4.18.0
      tslib: 2.8.1

  '@aws-sdk/client-codedeploy@3.1121.0':
    dependencies:
      '@aws-sdk/core': 3.978.0
      '@aws-sdk/credential-provider-node': 3.972.83
      '@aws-sdk/types': 3.974.5
      '@smithy/core': 3.34.1
      '@smithy/fetch-http-handler': 5.8.0
      '@smithy/node-http-handler': 4.12.1
      '@smithy/types': 4.18.0
      tslib: 2.8.1

  '@aws-sdk/client-cognito-identity-provider@3.1121.0':
    dependencies:
      '@aws-sdk/core': 3.978.0
      '@aws-sdk/credential-provider-node': 3.972.83
      '@aws-sdk/types': 3.974.5
      '@smithy/core': 3.34.1
      '@smithy/fetch-http-handler': 5.8.0
      '@smithy/node-http-handler': 4.12.1
      '@smithy/types': 4.18.0
      tslib: 2.8.1

  '@aws-sdk/client-cost-explorer@3.1121.0':
    dependencies:
      '@aws-sdk/core': 3.978.0
      '@aws-sdk/credential-provider-node': 3.972.83
      '@aws-sdk/types': 3.974.5
      '@smithy/core': 3.34.1
      '@smithy/fetch-http-handler': 5.8.0
      '@smithy/node-http-handler': 4.12.1
      '@smithy/types': 4.18.0
      tslib: 2.8.1

  '@aws-sdk/client-dynamodb@3.1121.0':
    dependencies:
      '@aws-sdk/core': 3.978.0
      '@aws-sdk/credential-provider-node': 3.972.83
      '@aws-sdk/dynamodb-codec': 3.973.45
      '@aws-sdk/middleware-endpoint-discovery': 3.972.30
      '@aws-sdk/types': 3.974.5
      '@smithy/core': 3.34.1
      '@smithy/fetch-http-handler': 5.8.0
      '@smithy/node-http-handler': 4.12.1
      '@smithy/types': 4.18.0
      tslib: 2.8.1

  '@aws-sdk/client-ec2@3.1121.0':
    dependencies:
      '@aws-sdk/core': 3.978.0
      '@aws-sdk/credential-provider-node': 3.972.83
      '@aws-sdk/middleware-sdk-ec2': 3.972.59
      '@aws-sdk/types': 3.974.5
      '@smithy/core': 3.34.1
      '@smithy/fetch-http-handler': 5.8.0
      '@smithy/node-http-handler': 4.12.1
      '@smithy/types': 4.18.0
      tslib: 2.8.1

  '@aws-sdk/client-ecr@3.1121.0':
    dependencies:
      '@aws-sdk/core': 3.978.0
      '@aws-sdk/credential-provider-node': 3.972.83
      '@aws-sdk/types': 3.974.5
      '@smithy/core': 3.34.1
      '@smithy/fetch-http-handler': 5.8.0
      '@smithy/node-http-handler': 4.12.1
      '@smithy/types': 4.18.0
      tslib: 2.8.1

  '@aws-sdk/client-ecs@3.1121.0':
    dependencies:
      '@aws-sdk/core': 3.978.0
      '@aws-sdk/credential-provider-node': 3.972.83
      '@aws-sdk/types': 3.974.5
      '@smithy/core': 3.34.1
      '@smithy/fetch-http-handler': 5.8.0
      '@smithy/node-http-handler': 4.12.1
      '@smithy/types': 4.18.0
      tslib: 2.8.1

  '@aws-sdk/client-elastic-load-balancing-v2@3.1121.0':
    dependencies:
      '@aws-sdk/core': 3.978.0
      '@aws-sdk/credential-provider-node': 3.972.83
      '@aws-sdk/types': 3.974.5
      '@smithy/core': 3.34.1
      '@smithy/fetch-http-handler': 5.8.0
      '@smithy/node-http-handler': 4.12.1
      '@smithy/types': 4.18.0
      tslib: 2.8.1

  '@aws-sdk/client-eventbridge@3.1121.0':
    dependencies:
      '@aws-sdk/core': 3.978.0
      '@aws-sdk/credential-provider-node': 3.972.83
      '@aws-sdk/signature-v4-multi-region': 3.996.46
      '@aws-sdk/types': 3.974.5
      '@smithy/core': 3.34.1
      '@smithy/fetch-http-handler': 5.8.0
      '@smithy/node-http-handler': 4.12.1
      '@smithy/types': 4.18.0
      tslib: 2.8.1

  '@aws-sdk/client-firehose@3.1121.0':
    dependencies:
      '@aws-sdk/core': 3.978.0
      '@aws-sdk/credential-provider-node': 3.972.83
      '@aws-sdk/types': 3.974.5
      '@smithy/core': 3.34.1
      '@smithy/fetch-http-handler': 5.8.0
      '@smithy/node-http-handler': 4.12.1
      '@smithy/types': 4.18.0
      tslib: 2.8.1

  '@aws-sdk/client-iam@3.1121.0':
    dependencies:
      '@aws-sdk/core': 3.978.0
      '@aws-sdk/credential-provider-node': 3.972.83
      '@aws-sdk/types': 3.974.5
      '@smithy/core': 3.34.1
      '@smithy/fetch-http-handler': 5.8.0
      '@smithy/node-http-handler': 4.12.1
      '@smithy/types': 4.18.0
      tslib: 2.8.1

  '@aws-sdk/client-kinesis@3.1121.0':
    dependencies:
      '@aws-sdk/core': 3.978.0
      '@aws-sdk/credential-provider-node': 3.972.83
      '@aws-sdk/types': 3.974.5
      '@smithy/core': 3.34.1
      '@smithy/fetch-http-handler': 5.8.0
      '@smithy/node-http-handler': 4.12.1
      '@smithy/types': 4.18.0
      tslib: 2.8.1

  '@aws-sdk/client-lambda@3.1121.0':
    dependencies:
      '@aws-sdk/core': 3.978.0
      '@aws-sdk/credential-provider-node': 3.972.83
      '@aws-sdk/types': 3.974.5
      '@smithy/core': 3.34.1
      '@smithy/fetch-http-handler': 5.8.0
      '@smithy/node-http-handler': 4.12.1
      '@smithy/types': 4.18.0
      tslib: 2.8.1

  '@aws-sdk/client-opensearch@3.1121.0':
    dependencies:
      '@aws-sdk/core': 3.978.0
      '@aws-sdk/credential-provider-node': 3.972.83
      '@aws-sdk/types': 3.974.5
      '@smithy/core': 3.34.1
      '@smithy/fetch-http-handler': 5.8.0
      '@smithy/node-http-handler': 4.12.1
      '@smithy/types': 4.18.0
      tslib: 2.8.1

  '@aws-sdk/client-rds@3.1121.0':
    dependencies:
      '@aws-sdk/core': 3.978.0
      '@aws-sdk/credential-provider-node': 3.972.83
      '@aws-sdk/middleware-sdk-rds': 3.972.59
      '@aws-sdk/types': 3.974.5
      '@smithy/core': 3.34.1
      '@smithy/fetch-http-handler': 5.8.0
      '@smithy/node-http-handler': 4.12.1
      '@smithy/types': 4.18.0
      tslib: 2.8.1

  '@aws-sdk/client-route-53@3.1121.0':
    dependencies:
      '@aws-sdk/core': 3.978.0
      '@aws-sdk/credential-provider-node': 3.972.83
      '@aws-sdk/middleware-sdk-route53': 3.972.26
      '@aws-sdk/types': 3.974.5
      '@smithy/core': 3.34.1
      '@smithy/fetch-http-handler': 5.8.0
      '@smithy/node-http-handler': 4.12.1
      '@smithy/types': 4.18.0
      tslib: 2.8.1

  '@aws-sdk/client-s3@3.1121.0':
    dependencies:
      '@aws-sdk/checksums': 3.1001.0
      '@aws-sdk/core': 3.978.0
      '@aws-sdk/credential-provider-node': 3.972.83
      '@aws-sdk/middleware-sdk-s3': 3.972.76
      '@aws-sdk/signature-v4-multi-region': 3.996.46
      '@aws-sdk/types': 3.974.5
      '@smithy/core': 3.34.1
      '@smithy/fetch-http-handler': 5.8.0
      '@smithy/node-http-handler': 4.12.1
      '@smithy/types': 4.18.0
      tslib: 2.8.1

  '@aws-sdk/client-secrets-manager@3.1121.0':
    dependencies:
      '@aws-sdk/core': 3.978.0
      '@aws-sdk/credential-provider-node': 3.972.83
      '@aws-sdk/types': 3.974.5
      '@smithy/core': 3.34.1
      '@smithy/fetch-http-handler': 5.8.0
      '@smithy/node-http-handler': 4.12.1
      '@smithy/types': 4.18.0
      tslib: 2.8.1

  '@aws-sdk/client-servicediscovery@3.1121.0':
    dependencies:
      '@aws-sdk/core': 3.978.0
      '@aws-sdk/credential-provider-node': 3.972.83
      '@aws-sdk/types': 3.974.5
      '@smithy/core': 3.34.1
      '@smithy/fetch-http-handler': 5.8.0
      '@smithy/node-http-handler': 4.12.1
      '@smithy/types': 4.18.0
      tslib: 2.8.1

  '@aws-sdk/client-ses@3.1121.0':
    dependencies:
      '@aws-sdk/core': 3.978.0
      '@aws-sdk/credential-provider-node': 3.972.83
      '@aws-sdk/types': 3.974.5
      '@smithy/core': 3.34.1
      '@smithy/fetch-http-handler': 5.8.0
      '@smithy/node-http-handler': 4.12.1
      '@smithy/types': 4.18.0
      tslib: 2.8.1

  '@aws-sdk/client-sesv2@3.1121.0':
    dependencies:
      '@aws-sdk/core': 3.978.0
      '@aws-sdk/credential-provider-node': 3.972.83
      '@aws-sdk/signature-v4-multi-region': 3.996.46
      '@aws-sdk/types': 3.974.5
      '@smithy/core': 3.34.1
      '@smithy/fetch-http-handler': 5.8.0
      '@smithy/node-http-handler': 4.12.1
      '@smithy/types': 4.18.0
      tslib: 2.8.1

  '@aws-sdk/client-sfn@3.1121.0':
    dependencies:
      '@aws-sdk/core': 3.978.0
      '@aws-sdk/credential-provider-node': 3.972.83
      '@aws-sdk/types': 3.974.5
      '@smithy/core': 3.34.1
      '@smithy/fetch-http-handler': 5.8.0
      '@smithy/node-http-handler': 4.12.1
      '@smithy/types': 4.18.0
      tslib: 2.8.1

  '@aws-sdk/client-sns@3.1121.0':
    dependencies:
      '@aws-sdk/core': 3.978.0
      '@aws-sdk/credential-provider-node': 3.972.83
      '@aws-sdk/types': 3.974.5
      '@smithy/core': 3.34.1
      '@smithy/fetch-http-handler': 5.8.0
      '@smithy/node-http-handler': 4.12.1
      '@smithy/types': 4.18.0
      tslib: 2.8.1

  '@aws-sdk/client-sqs@3.1121.0':
    dependencies:
      '@aws-sdk/core': 3.978.0
      '@aws-sdk/credential-provider-node': 3.972.83
      '@aws-sdk/middleware-sdk-sqs': 3.972.42
      '@aws-sdk/types': 3.974.5
      '@smithy/core': 3.34.1
      '@smithy/fetch-http-handler': 5.8.0
      '@smithy/node-http-handler': 4.12.1
      '@smithy/types': 4.18.0
      tslib: 2.8.1

  '@aws-sdk/client-ssm@3.1121.0':
    dependencies:
      '@aws-sdk/core': 3.978.0
      '@aws-sdk/credential-provider-node': 3.972.83
      '@aws-sdk/types': 3.974.5
      '@smithy/core': 3.34.1
      '@smithy/fetch-http-handler': 5.8.0
      '@smithy/node-http-handler': 4.12.1
      '@smithy/types': 4.18.0
      tslib: 2.8.1

  '@aws-sdk/client-sts@3.1121.0':
    dependencies:
      '@aws-sdk/core': 3.978.0
      '@aws-sdk/credential-provider-node': 3.972.83
      '@aws-sdk/signature-v4-multi-region': 3.996.46
      '@aws-sdk/types': 3.974.5
      '@smithy/core': 3.34.1
      '@smithy/fetch-http-handler': 5.8.0
      '@smithy/node-http-handler': 4.12.1
      '@smithy/types': 4.18.0
      tslib: 2.8.1

  '@aws-sdk/client-synthetics@3.1121.0':
    dependencies:
      '@aws-sdk/core': 3.978.0
      '@aws-sdk/credential-provider-node': 3.972.83
      '@aws-sdk/types': 3.974.5
      '@smithy/core': 3.34.1
      '@smithy/fetch-http-handler': 5.8.0
      '@smithy/node-http-handler': 4.12.1
      '@smithy/types': 4.18.0
      tslib: 2.8.1

  '@aws-sdk/client-wafv2@3.1121.0':
    dependencies:
      '@aws-sdk/core': 3.978.0
      '@aws-sdk/credential-provider-node': 3.972.83
      '@aws-sdk/types': 3.974.5
      '@smithy/core': 3.34.1
      '@smithy/fetch-http-handler': 5.8.0
      '@smithy/node-http-handler': 4.12.1
      '@smithy/types': 4.18.0
      tslib: 2.8.1

  '@aws-sdk/client-xray@3.1121.0':
    dependencies:
      '@aws-sdk/core': 3.978.0
      '@aws-sdk/credential-provider-node': 3.972.83
      '@aws-sdk/types': 3.974.5
      '@smithy/core': 3.34.1
      '@smithy/fetch-http-handler': 5.8.0
      '@smithy/node-http-handler': 4.12.1
      '@smithy/types': 4.18.0
      tslib: 2.8.1

  '@aws-sdk/core@3.978.0':
    dependencies:
      '@aws-sdk/types': 3.974.5
      '@aws-sdk/xml-builder': 3.972.41
      '@aws/lambda-invoke-store': 0.3.0
      '@smithy/core': 3.34.1
      '@smithy/signature-v4': 5.7.3
      '@smithy/types': 4.18.0
      bowser: 2.14.1
      tslib: 2.8.1

  '@aws-sdk/credential-provider-env@3.972.71':
    dependencies:
      '@aws-sdk/core': 3.978.0
      '@aws-sdk/types': 3.974.5
      '@smithy/core': 3.34.1
      '@smithy/types': 4.18.0
      tslib: 2.8.1

  '@aws-sdk/credential-provider-http@3.972.73':
    dependencies:
      '@aws-sdk/core': 3.978.0
      '@aws-sdk/types': 3.974.5
      '@smithy/core': 3.34.1
      '@smithy/fetch-http-handler': 5.8.0
      '@smithy/node-http-handler': 4.12.1
      '@smithy/types': 4.18.0
      tslib: 2.8.1

  '@aws-sdk/credential-provider-ini@3.973.16':
    dependencies:
      '@aws-sdk/core': 3.978.0
      '@aws-sdk/credential-provider-env': 3.972.71
      '@aws-sdk/credential-provider-http': 3.972.73
      '@aws-sdk/credential-provider-login': 3.972.78
      '@aws-sdk/credential-provider-process': 3.972.71
      '@aws-sdk/credential-provider-sso': 3.973.15
      '@aws-sdk/credential-provider-web-identity': 3.972.77
      '@aws-sdk/nested-clients': 3.997.45
      '@aws-sdk/types': 3.974.5
      '@smithy/core': 3.34.1
      '@smithy/credential-provider-imds': 4.5.2
      '@smithy/types': 4.18.0
      tslib: 2.8.1

  '@aws-sdk/credential-provider-login@3.972.78':
    dependencies:
      '@aws-sdk/core': 3.978.0
      '@aws-sdk/nested-clients': 3.997.45
      '@aws-sdk/types': 3.974.5
      '@smithy/core': 3.34.1
      '@smithy/types': 4.18.0
      tslib: 2.8.1

  '@aws-sdk/credential-provider-node@3.972.83':
    dependencies:
      '@aws-sdk/credential-provider-env': 3.972.71
      '@aws-sdk/credential-provider-http': 3.972.73
      '@aws-sdk/credential-provider-ini': 3.973.16
      '@aws-sdk/credential-provider-process': 3.972.71
      '@aws-sdk/credential-provider-sso': 3.973.15
      '@aws-sdk/credential-provider-web-identity': 3.972.77
      '@aws-sdk/types': 3.974.5
      '@smithy/core': 3.34.1
      '@smithy/credential-provider-imds': 4.5.2
      '@smithy/types': 4.18.0
      tslib: 2.8.1

  '@aws-sdk/credential-provider-process@3.972.71':
    dependencies:
      '@aws-sdk/core': 3.978.0
      '@aws-sdk/types': 3.974.5
      '@smithy/core': 3.34.1
      '@smithy/types': 4.18.0
      tslib: 2.8.1

  '@aws-sdk/credential-provider-sso@3.973.15':
    dependencies:
      '@aws-sdk/core': 3.978.0
      '@aws-sdk/nested-clients': 3.997.45
      '@aws-sdk/token-providers': 3.1129.0
      '@aws-sdk/types': 3.974.5
      '@smithy/core': 3.34.1
      '@smithy/types': 4.18.0
      tslib: 2.8.1

  '@aws-sdk/credential-provider-web-identity@3.972.77':
    dependencies:
      '@aws-sdk/core': 3.978.0
      '@aws-sdk/nested-clients': 3.997.45
      '@aws-sdk/types': 3.974.5
      '@smithy/core': 3.34.1
      '@smithy/types': 4.18.0
      tslib: 2.8.1

  '@aws-sdk/dynamodb-codec@3.973.45':
    dependencies:
      '@aws-sdk/core': 3.978.0
      '@smithy/core': 3.34.1
      '@smithy/types': 4.18.0
      tslib: 2.8.1

  '@aws-sdk/endpoint-cache@3.972.11':
    dependencies:
      mnemonist: 0.38.3
      tslib: 2.8.1

  '@aws-sdk/middleware-endpoint-discovery@3.972.30':
    dependencies:
      '@aws-sdk/endpoint-cache': 3.972.11
      '@aws-sdk/types': 3.974.5
      '@smithy/core': 3.34.1
      '@smithy/types': 4.18.0
      tslib: 2.8.1

  '@aws-sdk/middleware-sdk-ec2@3.972.59':
    dependencies:
      '@aws-sdk/core': 3.978.0
      '@aws-sdk/types': 3.974.5
      '@smithy/core': 3.34.1
      '@smithy/signature-v4': 5.7.3
      '@smithy/types': 4.18.0
      tslib: 2.8.1

  '@aws-sdk/middleware-sdk-rds@3.972.59':
    dependencies:
      '@aws-sdk/core': 3.978.0
      '@aws-sdk/types': 3.974.5
      '@smithy/core': 3.34.1
      '@smithy/signature-v4': 5.7.3
      '@smithy/types': 4.18.0
      tslib: 2.8.1

  '@aws-sdk/middleware-sdk-route53@3.972.26':
    dependencies:
      '@aws-sdk/types': 3.974.5
      '@smithy/types': 4.18.0
      tslib: 2.8.1

  '@aws-sdk/middleware-sdk-s3@3.972.76':
    dependencies:
      '@aws-sdk/core': 3.978.0
      '@aws-sdk/signature-v4-multi-region': 3.996.46
      '@aws-sdk/types': 3.974.5
      '@smithy/core': 3.34.1
      '@smithy/types': 4.18.0
      tslib: 2.8.1

  '@aws-sdk/middleware-sdk-sqs@3.972.42':
    dependencies:
      '@aws-sdk/types': 3.974.5
      '@smithy/core': 3.34.1
      '@smithy/types': 4.18.0
      tslib: 2.8.1

  '@aws-sdk/nested-clients@3.997.45':
    dependencies:
      '@aws-sdk/core': 3.978.0
      '@aws-sdk/signature-v4-multi-region': 3.996.46
      '@aws-sdk/types': 3.974.5
      '@smithy/core': 3.34.1
      '@smithy/fetch-http-handler': 5.8.0
      '@smithy/node-http-handler': 4.12.1
      '@smithy/types': 4.18.0
      tslib: 2.8.1

  '@aws-sdk/signature-v4-multi-region@3.996.46':
    dependencies:
      '@aws-sdk/types': 3.974.5
      '@smithy/signature-v4': 5.7.3
      '@smithy/types': 4.18.0
      tslib: 2.8.1

  '@aws-sdk/token-providers@3.1129.0':
    dependencies:
      '@aws-sdk/core': 3.978.0
      '@aws-sdk/nested-clients': 3.997.45
      '@aws-sdk/types': 3.974.5
      '@smithy/core': 3.34.1
      '@smithy/types': 4.18.0
      tslib: 2.8.1

  '@aws-sdk/types@3.974.5':
    dependencies:
      '@smithy/types': 4.18.0
      tslib: 2.8.1

  '@aws-sdk/xml-builder@3.972.41':
    dependencies:
      '@smithy/types': 4.19.0
      tslib: 2.8.1

  '@aws/lambda-invoke-store@0.3.0': {}

  '@smithy/core@3.34.1':
    dependencies:
      '@smithy/types': 4.18.0
      tslib: 2.8.1

  '@smithy/credential-provider-imds@4.5.2':
    dependencies:
      '@smithy/core': 3.34.1
      '@smithy/types': 4.18.0
      tslib: 2.8.1

  '@smithy/fetch-http-handler@5.8.0':
    dependencies:
      '@smithy/core': 3.34.1
      '@smithy/types': 4.18.0
      tslib: 2.8.1

  '@smithy/middleware-compression@4.6.2':
    dependencies:
      '@smithy/core': 3.34.1
      '@smithy/types': 4.18.0
      fflate: 0.8.3
      tslib: 2.8.1

  '@smithy/node-http-handler@4.12.1':
    dependencies:
      '@smithy/core': 3.34.1
      '@smithy/types': 4.18.0
      tslib: 2.8.1

  '@smithy/signature-v4@5.7.3':
    dependencies:
      '@smithy/core': 3.34.1
      '@smithy/types': 4.18.0
      tslib: 2.8.1

  '@smithy/types@4.18.0':
    dependencies:
      tslib: 2.8.1

  '@smithy/types@4.19.0':
    dependencies:
      tslib: 2.8.1

  '@types/bun@1.4.0':
    dependencies:
      bun-types: 1.4.0

  '@types/node@26.4.0':
    dependencies:
      undici-types: 8.3.0

  bowser@2.14.1: {}

  bun-types@1.4.0:
    dependencies:
      '@types/node': 26.4.0

  fflate@0.8.3: {}

  mnemonist@0.38.3:
    dependencies:
      obliterator: 1.6.1

  obliterator@1.6.1: {}

  tslib@2.8.1: {}

  typescript@6.0.3: {}

  undici-types@8.3.0: {}
