{
  "name": "hono-api",
  "lockfileVersion": 3,
  "requires": true,
  "packages": {
    "": {
      "name": "hono-api",
      "dependencies": {
        "hono": "^4.11.8"
      }
    },
    "node_modules/hono": {
      "version": "4.11.8",
      "resolved": "https://registry.npmjs.org/hono/-/hono-4.11.8.tgz",
      "integrity": "sha512-eVkB/CYCCei7K2WElZW9yYQFWssG0DhaDhVvr7wy5jJ22K+ck8fWW0EsLpB0sITUTvPnc97+rrbQqIr5iqiy9Q==",
      "license": "MIT",
      "engines": {
        "node": ">=16.9.0"
      }
    }
  }
}
