lockfileVersion: '9.0'

settings:
  autoInstallPeers: true
  excludeLinksFromLockfile: false

catalogs:
  default:
    typescript:
      specifier: 6.0.3
      version: 6.0.3
    zod:
      specifier: 4.4.3
      version: 4.4.3

importers:

  .:
    dependencies:
      zod:
        specifier: 'catalog:'
        version: 4.4.3
    devDependencies:
      typescript:
        specifier: 'catalog:'
        version: 6.0.3

packages:

  typescript@6.0.3:
    resolution: {integrity: sha512-y2TvuxSZPDyQakkFRPZHKFm+KKVqIisdg9/CZwm9ftvKXLP8NRWj38/ODjNbr43SsoXqNuAisEf1GdCxqWcdBw==}
    engines: {node: '>=14.17'}
    hasBin: true

  zod@4.4.3:
    resolution: {integrity: sha512-ytENFjIJFl2UwYglde2jchW2Hwm4GJFLDiSXWdTrJQBIN9Fcyp7n4DhxJEiWNAJMV1/BqWfW/kkg71UDcHJyTQ==}

snapshots:

  typescript@6.0.3: {}

  zod@4.4.3: {}
