lockfileVersion: '9.0'

settings:
  autoInstallPeers: false
  excludeLinksFromLockfile: false

catalogs:
  default:
    '@types/bun':
      specifier: 1.3.14
      version: 1.3.14
    '@types/react':
      specifier: 19.1.9
      version: 19.1.9
    '@types/react-dom':
      specifier: 19.1.7
      version: 19.1.7
    react:
      specifier: 19.2.8
      version: 19.2.8
    react-dom:
      specifier: 19.2.8
      version: 19.2.8
    typescript:
      specifier: 6.0.3
      version: 6.0.3

importers:

  .:
    dependencies:
      '@isoflow/isopacks':
        specifier: ^0.0.10
        version: 0.0.10
      '@stacktape/config':
        specifier: workspace:*
        version: link:../config
      '@stacktape/design-tokens':
        specifier: workspace:*
        version: link:../design-tokens
      monaco-types:
        specifier: ^0.1.0
        version: 0.1.2
    devDependencies:
      '@types/bun':
        specifier: 'catalog:'
        version: 1.3.14
      '@types/react':
        specifier: 'catalog:'
        version: 19.1.9
      '@types/react-dom':
        specifier: 'catalog:'
        version: 19.1.7(@types/react@19.1.9)
      monaco-editor:
        specifier: 0.43.0
        version: 0.43.0
      react:
        specifier: 'catalog:'
        version: 19.2.8
      react-dom:
        specifier: 'catalog:'
        version: 19.2.8(react@19.2.8)
      typescript:
        specifier: 'catalog:'
        version: 6.0.3
      yaml:
        specifier: ^2.8.0
        version: 2.9.0

packages:

  '@isoflow/isopacks@0.0.10':
    resolution: {integrity: sha512-pR5vj2A83mPBCxgswD+tE8+/ftXmesv5Qy6sgNAuYxiyDw7Dng1zA1QnRKgxdvgsGH9qTDwak+53KzJuHeVTNg==}

  '@types/bun@1.3.14':
    resolution: {integrity: sha512-h1hFqFVcvAvD9j9K7ZW7vd82aSA+rTdznZa+5bwvCwqSB1jmmfLcbIWhOLx1/+boy/xmjgCs/OMUL8hRJSmnPw==}

  '@types/node@26.1.2':
    resolution: {integrity: sha512-Vu4a5UFA9rIIFJ7rB/Vaafh9lrCQszopTCx6KjFboXTGQbPNasehVR5TEiithSDGyd1DEiUByggTZsg8jukeIg==}

  '@types/react-dom@19.1.7':
    resolution: {integrity: sha512-i5ZzwYpqjmrKenzkoLM2Ibzt6mAsM7pxB6BCIouEVVmgiqaMj1TjaK7hnA36hbW5aZv20kx7Lw6hWzPWg0Rurw==}
    peerDependencies:
      '@types/react': ^19.0.0

  '@types/react@19.1.9':
    resolution: {integrity: sha512-WmdoynAX8Stew/36uTSVMcLJJ1KRh6L3IZRx1PZ7qJtBqT3dYTgyDTx8H1qoRghErydW7xw9mSJ3wS//tCRpFA==}

  bun-types@1.3.14:
    resolution: {integrity: sha512-4N0ig0fEomHt5R0KCFWjovxow98rIoRwKolrYdCcknNwMekCXRnWEUvgu5soYV8QXtVsrUD8B95MBOZGPvr6KQ==}

  csstype@3.2.3:
    resolution: {integrity: sha512-z1HGKcYy2xA8AGQfwrn0PAy+PB7X/GSj3UVJW9qKyn43xWa+gl5nXmU4qqLMRzWVLFC8KusUX8T/0kCiOYpAIQ==}

  monaco-editor@0.43.0:
    resolution: {integrity: sha512-cnoqwQi/9fml2Szamv1XbSJieGJ1Dc8tENVMD26Kcfl7xGQWp7OBKMjlwKVGYFJ3/AXJjSOGvcqK7Ry/j9BM1Q==}

  monaco-types@0.1.2:
    resolution: {integrity: sha512-8LwfrlWXsedHwAL41xhXyqzPibS8IqPuIXr9NdORhonS495c2/wky+sI1PRLvMCuiI0nqC2NH1six9hdiRY4Xg==}

  react-dom@19.2.8:
    resolution: {integrity: sha512-rVprimfGBG3DR+Tq0IQG2DT5PxKth1WIGDmj5yPmlzr4YBe7uyE+Du4oVqTDXZSHGGGXRtTJEGSSePyQCMBglQ==}
    peerDependencies:
      react: ^19.2.8

  react@19.2.8:
    resolution: {integrity: sha512-PWaYA1L/q9u2u7xYQi+Y3L3Yfnie7XyLeaJICV1MGD6LprsBxcAqGjYyr0eY3p+QdsA+x/Irkt4Qif8D63+Sbw==}
    engines: {node: '>=0.10.0'}

  scheduler@0.27.0:
    resolution: {integrity: sha512-eNv+WrVbKu1f3vbYJT/xtiF5syA5HPIMtf9IgY/nKg0sWqzAUEvqY/xm7OcZc/qafLx/iO9FgOmeSAp4v5ti/Q==}

  typescript@6.0.3:
    resolution: {integrity: sha512-y2TvuxSZPDyQakkFRPZHKFm+KKVqIisdg9/CZwm9ftvKXLP8NRWj38/ODjNbr43SsoXqNuAisEf1GdCxqWcdBw==}
    engines: {node: '>=14.17'}
    hasBin: true

  undici-types@8.3.0:
    resolution: {integrity: sha512-j375ScV60dom+YkPFIfTLcOiPxkN/buHz5GobjLhixFuANaNs3C9l4GmrWqejgXWJ7BbJcFYpTEUkS1Ge8bpZQ==}

  yaml@2.9.0:
    resolution: {integrity: sha512-2AvhNX3mb8zd6Zy7INTtSpl1F15HW6Wnqj0srWlkKLcpYl/gMIMJiyuGq2KeI2YFxUPjdlB+3Lc10seMLtL4cA==}
    engines: {node: '>= 14.6'}
    hasBin: true

snapshots:

  '@isoflow/isopacks@0.0.10': {}

  '@types/bun@1.3.14':
    dependencies:
      bun-types: 1.3.14

  '@types/node@26.1.2':
    dependencies:
      undici-types: 8.3.0

  '@types/react-dom@19.1.7(@types/react@19.1.9)':
    dependencies:
      '@types/react': 19.1.9

  '@types/react@19.1.9':
    dependencies:
      csstype: 3.2.3

  bun-types@1.3.14:
    dependencies:
      '@types/node': 26.1.2

  csstype@3.2.3: {}

  monaco-editor@0.43.0: {}

  monaco-types@0.1.2: {}

  react-dom@19.2.8(react@19.2.8):
    dependencies:
      react: 19.2.8
      scheduler: 0.27.0

  react@19.2.8: {}

  scheduler@0.27.0: {}

  typescript@6.0.3: {}

  undici-types@8.3.0: {}

  yaml@2.9.0: {}
