{
  "lockfileVersion": 1,
  "workspaces": {
    "": {
      "name": "edge-function-cdn-test",
      "devDependencies": {
        "@types/aws-lambda": "^8.10.145",
      },
    },
  },
  "packages": {
    "@types/aws-lambda": ["@types/aws-lambda@8.10.160", "", {}, "sha512-uoO4QVQNWFPJMh26pXtmtrRfGshPUSpMZGUyUQY20FhfHEElEBOPKgVmFs1z+kbpyBsRs2JnoOPT7++Z4GA9pA=="],
  }
}
