# THIS IS AN AUTOGENERATED FILE. DO NOT EDIT THIS FILE DIRECTLY.
# yarn lockfile v1


"@prisma/client@^3.11.1":
  version "3.11.1"
  resolved "https://registry.yarnpkg.com/@prisma/client/-/client-3.11.1.tgz#bde6dec71ae133d04ce1c6658e3d76627a3c6dc7"
  integrity sha512-B3C7zQG4HbjJzUr2Zg9UVkBJutbqq9/uqkl1S138+keZCubJrwizx3RuIvGwI+s+pm3qbsyNqXiZgL3Ir0fSng==
  dependencies:
    "@prisma/engines-version" "3.11.1-1.1a2506facaf1a4727b7c26850735e88ec779dee9"

"@prisma/engines-version@3.11.1-1.1a2506facaf1a4727b7c26850735e88ec779dee9":
  version "3.11.1-1.1a2506facaf1a4727b7c26850735e88ec779dee9"
  resolved "https://registry.yarnpkg.com/@prisma/engines-version/-/engines-version-3.11.1-1.1a2506facaf1a4727b7c26850735e88ec779dee9.tgz#81a1835b495ad287ad7824dbd62f74e9eee90fb9"
  integrity sha512-HkcsDniA4iNb/gi0iuyOJNAM7nD/LwQ0uJm15v360O5dee3TM4lWdSQiTYBMK6FF68ACUItmzSur7oYuUZ2zkQ==

"@prisma/engines@3.11.1-1.1a2506facaf1a4727b7c26850735e88ec779dee9":
  version "3.11.1-1.1a2506facaf1a4727b7c26850735e88ec779dee9"
  resolved "https://registry.yarnpkg.com/@prisma/engines/-/engines-3.11.1-1.1a2506facaf1a4727b7c26850735e88ec779dee9.tgz#09ac23f8f615a8586d8d44538060ada199fe872c"
  integrity sha512-MILbsGnvmnhCbFGa2/iSnsyGyazU3afzD7ldjCIeLIGKkNBMSZgA2IvpYsAXl+6qFHKGrS3B2otKfV31dwMSQw==

prisma@^3.11.1:
  version "3.11.1"
  resolved "https://registry.yarnpkg.com/prisma/-/prisma-3.11.1.tgz#fff9c0bcf83cb30c2e1d650882d5eb3c5565e028"
  integrity sha512-aYn8bQwt1xwR2oSsVNHT4PXU7EhsThIwmpNB/MNUaaMx5OPLTro6VdNJe/sJssXFLxhamfWeMjwmpXjljo6xkg==
  dependencies:
    "@prisma/engines" "3.11.1-1.1a2506facaf1a4727b7c26850735e88ec779dee9"
